
Microsoft Visual Studio Solution File, Format Version 11.00
# Visual Studio 2010
Project("{FAE04EC0-301F-11D3-BF4B-00C04F79EFBC}") = "NzbDrone", "NzbDrone\NzbDrone.csproj", "{D12F7F2F-8A3C-415F-88FA-6DD061A84869}"
EndProject
Project("{FAE04EC0-301F-11D3-BF4B-00C04F79EFBC}") = "NzbDrone.Core", "NzbDrone.Core\NzbDrone.Core.csproj", "{FF5EE3B6-913B-47CE-9CEB-11C51B4E1205}"
EndProject
Project("{FAE04EC0-301F-11D3-BF4B-00C04F79EFBC}") = "NzbDrone.Web", "NzbDrone.Web\NzbDrone.Web.csproj", "{43BD3BBD-1531-4D8F-9C08-E1CD544AB2CD}"
EndProject
Project("{FAE04EC0-301F-11D3-BF4B-00C04F79EFBC}") = "NzbDrone.Core.Test", "NzbDrone.Core.Test\NzbDrone.Core.Test.csproj", "{193ADD3B-792B-4173-8E4C-5A3F8F0237F0}"
EndProject
Project("{2150E333-8FDC-42A3-9474-1A3956D46DE8}") = "Tests", "Tests", "{57A04B72-8088-4F75-A582-1158CF8291F7}"
EndProject
Project("{2150E333-8FDC-42A3-9474-1A3956D46DE8}") = "Migrator.net", "Migrator.net", "{CE083327-EB44-44F2-ACC7-A0A0ECB8B87D}"
EndProject
Project("{FAE04EC0-301F-11D3-BF4B-00C04F79EFBC}") = "Migrator", "Migrator.net\Migrator\Migrator.csproj", "{1FEE70A4-AAD7-4C60-BE60-3F7DC03A8C4D}"
EndProject
Project("{FAE04EC0-301F-11D3-BF4B-00C04F79EFBC}") = "Migrator.Framework", "Migrator.net\Migrator.Framework\Migrator.Framework.csproj", "{5270F048-E580-486C-B14C-E5B9F6E539D4}"
EndProject
Project("{FAE04EC0-301F-11D3-BF4B-00C04F79EFBC}") = "Migrator.Providers", "Migrator.net\Migrator.Providers\Migrator.Providers.csproj", "{D58C68E4-D789-40F7-9078-C9F587D4363C}"
EndProject
Global
	GlobalSection(SolutionConfigurationPlatforms) = preSolution
		Debug|Any CPU = Debug|Any CPU
		Debug|Mixed Platforms = Debug|Mixed Platforms
		Debug|x64 = Debug|x64
		Debug|x86 = Debug|x86
		Release|Any CPU = Release|Any CPU
		Release|Mixed Platforms = Release|Mixed Platforms
		Release|x64 = Release|x64
		Release|x86 = Release|x86
	EndGlobalSection
	GlobalSection(ProjectConfigurationPlatforms) = postSolution
		{D12F7F2F-8A3C-415F-88FA-6DD061A84869}.Debug|Any CPU.ActiveCfg = Debug|x86
		{D12F7F2F-8A3C-415F-88FA-6DD061A84869}.Debug|Mixed Platforms.ActiveCfg = Debug|x86
		{D12F7F2F-8A3C-415F-88FA-6DD061A84869}.Debug|Mixed Platforms.Build.0 = Debug|x86
		{D12F7F2F-8A3C-415F-88FA-6DD061A84869}.Debug|x64.ActiveCfg = Debug|x86
		{D12F7F2F-8A3C-415F-88FA-6DD061A84869}.Debug|x86.ActiveCfg = Debug|x86
		{D12F7F2F-8A3C-415F-88FA-6DD061A84869}.Debug|x86.Build.0 = Debug|x86
		{D12F7F2F-8A3C-415F-88FA-6DD061A84869}.Release|Any CPU.ActiveCfg = Release|x86
		{D12F7F2F-8A3C-415F-88FA-6DD061A84869}.Release|Mixed Platforms.ActiveCfg = Release|x86
		{D12F7F2F-8A3C-415F-88FA-6DD061A84869}.Release|Mixed Platforms.Build.0 = Release|x86
		{D12F7F2F-8A3C-415F-88FA-6DD061A84869}.Release|x64.ActiveCfg = Release|x86
		{D12F7F2F-8A3C-415F-88FA-6DD061A84869}.Release|x86.ActiveCfg = Release|x86
		{D12F7F2F-8A3C-415F-88FA-6DD061A84869}.Release|x86.Build.0 = Release|x86
		{FF5EE3B6-913B-47CE-9CEB-11C51B4E1205}.Debug|Any CPU.ActiveCfg = Debug|Any CPU
		{FF5EE3B6-913B-47CE-9CEB-11C51B4E1205}.Debug|Any CPU.Build.0 = Debug|Any CPU
		{FF5EE3B6-913B-47CE-9CEB-11C51B4E1205}.Debug|Mixed Platforms.ActiveCfg = Debug|Any CPU
		{FF5EE3B6-913B-47CE-9CEB-11C51B4E1205}.Debug|Mixed Platforms.Build.0 = Debug|Any CPU
		{FF5EE3B6-913B-47CE-9CEB-11C51B4E1205}.Debug|x64.ActiveCfg = Debug|x64
		{FF5EE3B6-913B-47CE-9CEB-11C51B4E1205}.Debug|x64.Build.0 = Debug|x64
		{FF5EE3B6-913B-47CE-9CEB-11C51B4E1205}.Debug|x86.ActiveCfg = Debug|x86
		{FF5EE3B6-913B-47CE-9CEB-11C51B4E1205}.Debug|x86.Build.0 = Debug|x86
		{FF5EE3B6-913B-47CE-9CEB-11C51B4E1205}.Release|Any CPU.ActiveCfg = Release|Any CPU
		{FF5EE3B6-913B-47CE-9CEB-11C51B4E1205}.Release|Any CPU.Build.0 = Release|Any CPU
		{FF5EE3B6-913B-47CE-9CEB-11C51B4E1205}.Release|Mixed Platforms.ActiveCfg = Release|Any CPU
		{FF5EE3B6-913B-47CE-9CEB-11C51B4E1205}.Release|Mixed Platforms.Build.0 = Release|Any CPU
		{FF5EE3B6-913B-47CE-9CEB-11C51B4E1205}.Release|x64.ActiveCfg = Release|x64
		{FF5EE3B6-913B-47CE-9CEB-11C51B4E1205}.Release|x64.Build.0 = Release|x64
		{FF5EE3B6-913B-47CE-9CEB-11C51B4E1205}.Release|x86.ActiveCfg = Release|x86
		{FF5EE3B6-913B-47CE-9CEB-11C51B4E1205}.Release|x86.Build.0 = Release|x86
		{43BD3BBD-1531-4D8F-9C08-E1CD544AB2CD}.Debug|Any CPU.ActiveCfg = Debug|Any CPU
		{43BD3BBD-1531-4D8F-9C08-E1CD544AB2CD}.Debug|Any CPU.Build.0 = Debug|Any CPU
		{43BD3BBD-1531-4D8F-9C08-E1CD544AB2CD}.Debug|Mixed Platforms.ActiveCfg = Debug|Any CPU
		{43BD3BBD-1531-4D8F-9C08-E1CD544AB2CD}.Debug|Mixed Platforms.Build.0 = Debug|Any CPU
		{43BD3BBD-1531-4D8F-9C08-E1CD544AB2CD}.Debug|x64.ActiveCfg = Debug|Any CPU
		{43BD3BBD-1531-4D8F-9C08-E1CD544AB2CD}.Debug|x86.ActiveCfg = Debug|Any CPU
		{43BD3BBD-1531-4D8F-9C08-E1CD544AB2CD}.Debug|x86.Build.0 = Debug|Any CPU
		{43BD3BBD-1531-4D8F-9C08-E1CD544AB2CD}.Release|Any CPU.ActiveCfg = Release|Any CPU
		{43BD3BBD-1531-4D8F-9C08-E1CD544AB2CD}.Release|Any CPU.Build.0 = Release|Any CPU
		{43BD3BBD-1531-4D8F-9C08-E1CD544AB2CD}.Release|Mixed Platforms.ActiveCfg = Release|Any CPU
		{43BD3BBD-1531-4D8F-9C08-E1CD544AB2CD}.Release|Mixed Platforms.Build.0 = Release|Any CPU
		{43BD3BBD-1531-4D8F-9C08-E1CD544AB2CD}.Release|x64.ActiveCfg = Release|Any CPU
		{43BD3BBD-1531-4D8F-9C08-E1CD544AB2CD}.Release|x86.ActiveCfg = Release|Any CPU
		{193ADD3B-792B-4173-8E4C-5A3F8F0237F0}.Debug|Any CPU.ActiveCfg = Debug|Any CPU
		{193ADD3B-792B-4173-8E4C-5A3F8F0237F0}.Debug|Any CPU.Build.0 = Debug|Any CPU
		{193ADD3B-792B-4173-8E4C-5A3F8F0237F0}.Debug|Mixed Platforms.ActiveCfg = Debug|Any CPU
		{193ADD3B-792B-4173-8E4C-5A3F8F0237F0}.Debug|Mixed Platforms.Build.0 = Debug|Any CPU
		{193ADD3B-792B-4173-8E4C-5A3F8F0237F0}.Debug|x64.ActiveCfg = Debug|Any CPU
		{193ADD3B-792B-4173-8E4C-5A3F8F0237F0}.Debug|x86.ActiveCfg = Debug|Any CPU
		{193ADD3B-792B-4173-8E4C-5A3F8F0237F0}.Debug|x86.Build.0 = Debug|Any CPU
		{193ADD3B-792B-4173-8E4C-5A3F8F0237F0}.Release|Any CPU.ActiveCfg = Release|Any CPU
		{193ADD3B-792B-4173-8E4C-5A3F8F0237F0}.Release|Any CPU.Build.0 = Release|Any CPU
		{193ADD3B-792B-4173-8E4C-5A3F8F0237F0}.Release|Mixed Platforms.ActiveCfg = Release|Any CPU
		{193ADD3B-792B-4173-8E4C-5A3F8F0237F0}.Release|Mixed Platforms.Build.0 = Release|Any CPU
		{193ADD3B-792B-4173-8E4C-5A3F8F0237F0}.Release|x64.ActiveCfg = Release|Any CPU
		{193ADD3B-792B-4173-8E4C-5A3F8F0237F0}.Release|x86.ActiveCfg = Release|Any CPU
		{1FEE70A4-AAD7-4C60-BE60-3F7DC03A8C4D}.Debug|Any CPU.ActiveCfg = Debug|Any CPU
		{1FEE70A4-AAD7-4C60-BE60-3F7DC03A8C4D}.Debug|Any CPU.Build.0 = Debug|Any CPU
		{1FEE70A4-AAD7-4C60-BE60-3F7DC03A8C4D}.Debug|Mixed Platforms.ActiveCfg = Debug|Any CPU
		{1FEE70A4-AAD7-4C60-BE60-3F7DC03A8C4D}.Debug|Mixed Platforms.Build.0 = Debug|Any CPU
		{1FEE70A4-AAD7-4C60-BE60-3F7DC03A8C4D}.Debug|x64.ActiveCfg = Debug|Any CPU
		{1FEE70A4-AAD7-4C60-BE60-3F7DC03A8C4D}.Debug|x86.ActiveCfg = Debug|Any CPU
		{1FEE70A4-AAD7-4C60-BE60-3F7DC03A8C4D}.Release|Any CPU.ActiveCfg = Release|Any CPU
		{1FEE70A4-AAD7-4C60-BE60-3F7DC03A8C4D}.Release|Any CPU.Build.0 = Release|Any CPU
		{1FEE70A4-AAD7-4C60-BE60-3F7DC03A8C4D}.Release|Mixed Platforms.ActiveCfg = Release|Any CPU
		{1FEE70A4-AAD7-4C60-BE60-3F7DC03A8C4D}.Release|Mixed Platforms.Build.0 = Release|Any CPU
		{1FEE70A4-AAD7-4C60-BE60-3F7DC03A8C4D}.Release|x64.ActiveCfg = Release|Any CPU
		{1FEE70A4-AAD7-4C60-BE60-3F7DC03A8C4D}.Release|x86.ActiveCfg = Release|Any CPU
		{5270F048-E580-486C-B14C-E5B9F6E539D4}.Debug|Any CPU.ActiveCfg = Debug|Any CPU
		{5270F048-E580-486C-B14C-E5B9F6E539D4}.Debug|Any CPU.Build.0 = Debug|Any CPU
		{5270F048-E580-486C-B14C-E5B9F6E539D4}.Debug|Mixed Platforms.ActiveCfg = Debug|Any CPU
		{5270F048-E580-486C-B14C-E5B9F6E539D4}.Debug|Mixed Platforms.Build.0 = Debug|Any CPU
		{5270F048-E580-486C-B14C-E5B9F6E539D4}.Debug|x64.ActiveCfg = Debug|Any CPU
		{5270F048-E580-486C-B14C-E5B9F6E539D4}.Debug|x86.ActiveCfg = Debug|Any CPU
		{5270F048-E580-486C-B14C-E5B9F6E539D4}.Release|Any CPU.ActiveCfg = Release|Any CPU
		{5270F048-E580-486C-B14C-E5B9F6E539D4}.Release|Any CPU.Build.0 = Release|Any CPU
		{5270F048-E580-486C-B14C-E5B9F6E539D4}.Release|Mixed Platforms.ActiveCfg = Release|Any CPU
		{5270F048-E580-486C-B14C-E5B9F6E539D4}.Release|Mixed Platforms.Build.0 = Release|Any CPU
		{5270F048-E580-486C-B14C-E5B9F6E539D4}.Release|x64.ActiveCfg = Release|Any CPU
		{5270F048-E580-486C-B14C-E5B9F6E539D4}.Release|x86.ActiveCfg = Release|Any CPU
		{D58C68E4-D789-40F7-9078-C9F587D4363C}.Debug|Any CPU.ActiveCfg = Debug|Any CPU
		{D58C68E4-D789-40F7-9078-C9F587D4363C}.Debug|Any CPU.Build.0 = Debug|Any CPU
		{D58C68E4-D789-40F7-9078-C9F587D4363C}.Debug|Mixed Platforms.ActiveCfg = Debug|Any CPU
		{D58C68E4-D789-40F7-9078-C9F587D4363C}.Debug|Mixed Platforms.Build.0 = Debug|Any CPU
		{D58C68E4-D789-40F7-9078-C9F587D4363C}.Debug|x64.ActiveCfg = Debug|Any CPU
		{D58C68E4-D789-40F7-9078-C9F587D4363C}.Debug|x86.ActiveCfg = Debug|Any CPU
		{D58C68E4-D789-40F7-9078-C9F587D4363C}.Release|Any CPU.ActiveCfg = Release|Any CPU
		{D58C68E4-D789-40F7-9078-C9F587D4363C}.Release|Any CPU.Build.0 = Release|Any CPU
		{D58C68E4-D789-40F7-9078-C9F587D4363C}.Release|Mixed Platforms.ActiveCfg = Release|Any CPU
		{D58C68E4-D789-40F7-9078-C9F587D4363C}.Release|Mixed Platforms.Build.0 = Release|Any CPU
		{D58C68E4-D789-40F7-9078-C9F587D4363C}.Release|x64.ActiveCfg = Release|Any CPU
		{D58C68E4-D789-40F7-9078-C9F587D4363C}.Release|x86.ActiveCfg = Release|Any CPU
	EndGlobalSection
	GlobalSection(SolutionProperties) = preSolution
		HideSolutionNode = FALSE
	EndGlobalSection
	GlobalSection(NestedProjects) = preSolution
		{193ADD3B-792B-4173-8E4C-5A3F8F0237F0} = {57A04B72-8088-4F75-A582-1158CF8291F7}
		{1FEE70A4-AAD7-4C60-BE60-3F7DC03A8C4D} = {CE083327-EB44-44F2-ACC7-A0A0ECB8B87D}
		{5270F048-E580-486C-B14C-E5B9F6E539D4} = {CE083327-EB44-44F2-ACC7-A0A0ECB8B87D}
		{D58C68E4-D789-40F7-9078-C9F587D4363C} = {CE083327-EB44-44F2-ACC7-A0A0ECB8B87D}
	EndGlobalSection
EndGlobal
