
Microsoft Visual Studio Solution File, Format Version 11.00
# Visual Studio 2010
Project("{FAE04EC0-301F-11D3-BF4B-00C04F79EFBC}") = "NzbDrone", "NzbDrone\NzbDrone.csproj", "{D12F7F2F-8A3C-415F-88FA-6DD061A84869}"
EndProject
Project("{FAE04EC0-301F-11D3-BF4B-00C04F79EFBC}") = "NzbDrone.Core", "NzbDrone.Core\NzbDrone.Core.csproj", "{FF5EE3B6-913B-47CE-9CEB-11C51B4E1205}"
EndProject
Project("{FAE04EC0-301F-11D3-BF4B-00C04F79EFBC}") = "NzbDrone.Web", "NzbDrone.Web\NzbDrone.Web.csproj", "{43BD3BBD-1531-4D8F-9C08-E1CD544AB2CD}"
EndProject
Project("{FAE04EC0-301F-11D3-BF4B-00C04F79EFBC}") = "NzbDrone.Core.Test", "NzbDrone.Core.Test\NzbDrone.Core.Test.csproj", "{193ADD3B-792B-4173-8E4C-5A3F8F0237F0}"
EndProject
Project("{2150E333-8FDC-42A3-9474-1A3956D46DE8}") = "Tests", "Tests", "{57A04B72-8088-4F75-A582-1158CF8291F7}"
EndProject
Project("{FAE04EC0-301F-11D3-BF4B-00C04F79EFBC}") = "NzbDrone.App.Test", "NzbDrone.App.Test\NzbDrone.App.Test.csproj", "{C0EA1A40-91AD-4EEB-BD16-2DDDEBD20AE5}"
EndProject
Project("{FAE04EC0-301F-11D3-BF4B-00C04F79EFBC}") = "NzbDrone.Test.Dummy", "NzbDrone.Test.Dummy\NzbDrone.Test.Dummy.csproj", "{FAFB5948-A222-4CF6-AD14-026BE7564802}"
EndProject
Project("{FAE04EC0-301F-11D3-BF4B-00C04F79EFBC}") = "NzbDrone.Update", "NzbDrone.Update\NzbDrone.Update.csproj", "{4CCC53CD-8D5E-4CC4-97D2-5C9312AC2BD7}"
EndProject
Project("{FAE04EC0-301F-11D3-BF4B-00C04F79EFBC}") = "NzbDrone.Update.Test", "NzbDrone.Update.Test\NzbDrone.Update.Test.csproj", "{35388E8E-0CDB-4A84-AD16-E4B6EFDA5D97}"
EndProject
Project("{FAE04EC0-301F-11D3-BF4B-00C04F79EFBC}") = "NzbDrone.Common", "NzbDrone.Common\NzbDrone.Common.csproj", "{F2BE0FDF-6E47-4827-A420-DD4EF82407F8}"
EndProject
Global
	GlobalSection(SolutionConfigurationPlatforms) = preSolution
		Debug|Any CPU = Debug|Any CPU
		Debug|Mixed Platforms = Debug|Mixed Platforms
		Debug|x64 = Debug|x64
		Debug|x86 = Debug|x86
		Release|Any CPU = Release|Any CPU
		Release|Mixed Platforms = Release|Mixed Platforms
		Release|x64 = Release|x64
		Release|x86 = Release|x86
	EndGlobalSection
	GlobalSection(ProjectConfigurationPlatforms) = postSolution
		{D12F7F2F-8A3C-415F-88FA-6DD061A84869}.Debug|Any CPU.ActiveCfg = Debug|x86
		{D12F7F2F-8A3C-415F-88FA-6DD061A84869}.Debug|Mixed Platforms.ActiveCfg = Debug|x86
		{D12F7F2F-8A3C-415F-88FA-6DD061A84869}.Debug|Mixed Platforms.Build.0 = Debug|x86
		{D12F7F2F-8A3C-415F-88FA-6DD061A84869}.Debug|x64.ActiveCfg = Debug|x86
		{D12F7F2F-8A3C-415F-88FA-6DD061A84869}.Debug|x86.ActiveCfg = Debug|x86
		{D12F7F2F-8A3C-415F-88FA-6DD061A84869}.Debug|x86.Build.0 = Debug|x86
		{D12F7F2F-8A3C-415F-88FA-6DD061A84869}.Release|Any CPU.ActiveCfg = Release|x86
		{D12F7F2F-8A3C-415F-88FA-6DD061A84869}.Release|Mixed Platforms.ActiveCfg = Release|x86
		{D12F7F2F-8A3C-415F-88FA-6DD061A84869}.Release|Mixed Platforms.Build.0 = Release|x86
		{D12F7F2F-8A3C-415F-88FA-6DD061A84869}.Release|x64.ActiveCfg = Release|x86
		{D12F7F2F-8A3C-415F-88FA-6DD061A84869}.Release|x86.ActiveCfg = Release|x86
		{D12F7F2F-8A3C-415F-88FA-6DD061A84869}.Release|x86.Build.0 = Release|x86
		{FF5EE3B6-913B-47CE-9CEB-11C51B4E1205}.Debug|Any CPU.ActiveCfg = Debug|Any CPU
		{FF5EE3B6-913B-47CE-9CEB-11C51B4E1205}.Debug|Any CPU.Build.0 = Debug|Any CPU
		{FF5EE3B6-913B-47CE-9CEB-11C51B4E1205}.Debug|Mixed Platforms.ActiveCfg = Debug|Any CPU
		{FF5EE3B6-913B-47CE-9CEB-11C51B4E1205}.Debug|Mixed Platforms.Build.0 = Debug|Any CPU
		{FF5EE3B6-913B-47CE-9CEB-11C51B4E1205}.Debug|x64.ActiveCfg = Debug|x64
		{FF5EE3B6-913B-47CE-9CEB-11C51B4E1205}.Debug|x64.Build.0 = Debug|x64
		{FF5EE3B6-913B-47CE-9CEB-11C51B4E1205}.Debug|x86.ActiveCfg = Debug|x86
		{FF5EE3B6-913B-47CE-9CEB-11C51B4E1205}.Debug|x86.Build.0 = Debug|x86
		{FF5EE3B6-913B-47CE-9CEB-11C51B4E1205}.Release|Any CPU.ActiveCfg = Release|Any CPU
		{FF5EE3B6-913B-47CE-9CEB-11C51B4E1205}.Release|Any CPU.Build.0 = Release|Any CPU
		{FF5EE3B6-913B-47CE-9CEB-11C51B4E1205}.Release|Mixed Platforms.ActiveCfg = Release|x86
		{FF5EE3B6-913B-47CE-9CEB-11C51B4E1205}.Release|Mixed Platforms.Build.0 = Release|x86
		{FF5EE3B6-913B-47CE-9CEB-11C51B4E1205}.Release|x64.ActiveCfg = Release|x64
		{FF5EE3B6-913B-47CE-9CEB-11C51B4E1205}.Release|x64.Build.0 = Release|x64
		{FF5EE3B6-913B-47CE-9CEB-11C51B4E1205}.Release|x86.ActiveCfg = Release|x86
		{FF5EE3B6-913B-47CE-9CEB-11C51B4E1205}.Release|x86.Build.0 = Release|x86
		{43BD3BBD-1531-4D8F-9C08-E1CD544AB2CD}.Debug|Any CPU.ActiveCfg = Debug|Any CPU
		{43BD3BBD-1531-4D8F-9C08-E1CD544AB2CD}.Debug|Any CPU.Build.0 = Debug|Any CPU
		{43BD3BBD-1531-4D8F-9C08-E1CD544AB2CD}.Debug|Mixed Platforms.ActiveCfg = Debug|Any CPU
		{43BD3BBD-1531-4D8F-9C08-E1CD544AB2CD}.Debug|Mixed Platforms.Build.0 = Debug|Any CPU
		{43BD3BBD-1531-4D8F-9C08-E1CD544AB2CD}.Debug|x64.ActiveCfg = Debug|Any CPU
		{43BD3BBD-1531-4D8F-9C08-E1CD544AB2CD}.Debug|x86.ActiveCfg = Debug|Any CPU
		{43BD3BBD-1531-4D8F-9C08-E1CD544AB2CD}.Debug|x86.Build.0 = Debug|Any CPU
		{43BD3BBD-1531-4D8F-9C08-E1CD544AB2CD}.Release|Any CPU.ActiveCfg = Release|Any CPU
		{43BD3BBD-1531-4D8F-9C08-E1CD544AB2CD}.Release|Any CPU.Build.0 = Release|Any CPU
		{43BD3BBD-1531-4D8F-9C08-E1CD544AB2CD}.Release|Mixed Platforms.ActiveCfg = Release|Any CPU
		{43BD3BBD-1531-4D8F-9C08-E1CD544AB2CD}.Release|Mixed Platforms.Build.0 = Release|Any CPU
		{43BD3BBD-1531-4D8F-9C08-E1CD544AB2CD}.Release|x64.ActiveCfg = Release|Any CPU
		{43BD3BBD-1531-4D8F-9C08-E1CD544AB2CD}.Release|x86.ActiveCfg = Release|Any CPU
		{193ADD3B-792B-4173-8E4C-5A3F8F0237F0}.Debug|Any CPU.ActiveCfg = Debug|Any CPU
		{193ADD3B-792B-4173-8E4C-5A3F8F0237F0}.Debug|Any CPU.Build.0 = Debug|Any CPU
		{193ADD3B-792B-4173-8E4C-5A3F8F0237F0}.Debug|Mixed Platforms.ActiveCfg = Debug|Any CPU
		{193ADD3B-792B-4173-8E4C-5A3F8F0237F0}.Debug|Mixed Platforms.Build.0 = Debug|Any CPU
		{193ADD3B-792B-4173-8E4C-5A3F8F0237F0}.Debug|x64.ActiveCfg = Debug|Any CPU
		{193ADD3B-792B-4173-8E4C-5A3F8F0237F0}.Debug|x86.ActiveCfg = Debug|Any CPU
		{193ADD3B-792B-4173-8E4C-5A3F8F0237F0}.Debug|x86.Build.0 = Debug|Any CPU
		{193ADD3B-792B-4173-8E4C-5A3F8F0237F0}.Release|Any CPU.ActiveCfg = Release|Any CPU
		{193ADD3B-792B-4173-8E4C-5A3F8F0237F0}.Release|Any CPU.Build.0 = Release|Any CPU
		{193ADD3B-792B-4173-8E4C-5A3F8F0237F0}.Release|Mixed Platforms.ActiveCfg = Release|Any CPU
		{193ADD3B-792B-4173-8E4C-5A3F8F0237F0}.Release|Mixed Platforms.Build.0 = Release|Any CPU
		{193ADD3B-792B-4173-8E4C-5A3F8F0237F0}.Release|x64.ActiveCfg = Release|Any CPU
		{193ADD3B-792B-4173-8E4C-5A3F8F0237F0}.Release|x86.ActiveCfg = Release|Any CPU
		{C0EA1A40-91AD-4EEB-BD16-2DDDEBD20AE5}.Debug|Any CPU.ActiveCfg = Debug|Any CPU
		{C0EA1A40-91AD-4EEB-BD16-2DDDEBD20AE5}.Debug|Any CPU.Build.0 = Debug|Any CPU
		{C0EA1A40-91AD-4EEB-BD16-2DDDEBD20AE5}.Debug|Mixed Platforms.ActiveCfg = Debug|Any CPU
		{C0EA1A40-91AD-4EEB-BD16-2DDDEBD20AE5}.Debug|Mixed Platforms.Build.0 = Debug|Any CPU
		{C0EA1A40-91AD-4EEB-BD16-2DDDEBD20AE5}.Debug|x64.ActiveCfg = Debug|Any CPU
		{C0EA1A40-91AD-4EEB-BD16-2DDDEBD20AE5}.Debug|x86.ActiveCfg = Debug|Any CPU
		{C0EA1A40-91AD-4EEB-BD16-2DDDEBD20AE5}.Release|Any CPU.ActiveCfg = Release|Any CPU
		{C0EA1A40-91AD-4EEB-BD16-2DDDEBD20AE5}.Release|Any CPU.Build.0 = Release|Any CPU
		{C0EA1A40-91AD-4EEB-BD16-2DDDEBD20AE5}.Release|Mixed Platforms.ActiveCfg = Release|Any CPU
		{C0EA1A40-91AD-4EEB-BD16-2DDDEBD20AE5}.Release|Mixed Platforms.Build.0 = Release|Any CPU
		{C0EA1A40-91AD-4EEB-BD16-2DDDEBD20AE5}.Release|x64.ActiveCfg = Release|Any CPU
		{C0EA1A40-91AD-4EEB-BD16-2DDDEBD20AE5}.Release|x86.ActiveCfg = Release|Any CPU
		{FAFB5948-A222-4CF6-AD14-026BE7564802}.Debug|Any CPU.ActiveCfg = Debug|x86
		{FAFB5948-A222-4CF6-AD14-026BE7564802}.Debug|Mixed Platforms.ActiveCfg = Debug|x86
		{FAFB5948-A222-4CF6-AD14-026BE7564802}.Debug|Mixed Platforms.Build.0 = Debug|x86
		{FAFB5948-A222-4CF6-AD14-026BE7564802}.Debug|x64.ActiveCfg = Debug|x86
		{FAFB5948-A222-4CF6-AD14-026BE7564802}.Debug|x86.ActiveCfg = Debug|x86
		{FAFB5948-A222-4CF6-AD14-026BE7564802}.Debug|x86.Build.0 = Debug|x86
		{FAFB5948-A222-4CF6-AD14-026BE7564802}.Release|Any CPU.ActiveCfg = Release|x86
		{FAFB5948-A222-4CF6-AD14-026BE7564802}.Release|Mixed Platforms.ActiveCfg = Release|x86
		{FAFB5948-A222-4CF6-AD14-026BE7564802}.Release|Mixed Platforms.Build.0 = Release|x86
		{FAFB5948-A222-4CF6-AD14-026BE7564802}.Release|x64.ActiveCfg = Release|x86
		{FAFB5948-A222-4CF6-AD14-026BE7564802}.Release|x86.ActiveCfg = Release|x86
		{FAFB5948-A222-4CF6-AD14-026BE7564802}.Release|x86.Build.0 = Release|x86
		{4CCC53CD-8D5E-4CC4-97D2-5C9312AC2BD7}.Debug|Any CPU.ActiveCfg = Debug|x86
		{4CCC53CD-8D5E-4CC4-97D2-5C9312AC2BD7}.Debug|Mixed Platforms.ActiveCfg = Debug|x86
		{4CCC53CD-8D5E-4CC4-97D2-5C9312AC2BD7}.Debug|Mixed Platforms.Build.0 = Debug|x86
		{4CCC53CD-8D5E-4CC4-97D2-5C9312AC2BD7}.Debug|x64.ActiveCfg = Debug|x86
		{4CCC53CD-8D5E-4CC4-97D2-5C9312AC2BD7}.Debug|x86.ActiveCfg = Debug|x86
		{4CCC53CD-8D5E-4CC4-97D2-5C9312AC2BD7}.Debug|x86.Build.0 = Debug|x86
		{4CCC53CD-8D5E-4CC4-97D2-5C9312AC2BD7}.Release|Any CPU.ActiveCfg = Release|x86
		{4CCC53CD-8D5E-4CC4-97D2-5C9312AC2BD7}.Release|Mixed Platforms.ActiveCfg = Release|x86
		{4CCC53CD-8D5E-4CC4-97D2-5C9312AC2BD7}.Release|Mixed Platforms.Build.0 = Release|x86
		{4CCC53CD-8D5E-4CC4-97D2-5C9312AC2BD7}.Release|x64.ActiveCfg = Release|x86
		{4CCC53CD-8D5E-4CC4-97D2-5C9312AC2BD7}.Release|x86.ActiveCfg = Release|x86
		{4CCC53CD-8D5E-4CC4-97D2-5C9312AC2BD7}.Release|x86.Build.0 = Release|x86
		{35388E8E-0CDB-4A84-AD16-E4B6EFDA5D97}.Debug|Any CPU.ActiveCfg = Debug|x86
		{35388E8E-0CDB-4A84-AD16-E4B6EFDA5D97}.Debug|Mixed Platforms.ActiveCfg = Debug|x86
		{35388E8E-0CDB-4A84-AD16-E4B6EFDA5D97}.Debug|Mixed Platforms.Build.0 = Debug|x86
		{35388E8E-0CDB-4A84-AD16-E4B6EFDA5D97}.Debug|x64.ActiveCfg = Debug|x86
		{35388E8E-0CDB-4A84-AD16-E4B6EFDA5D97}.Debug|x86.ActiveCfg = Debug|x86
		{35388E8E-0CDB-4A84-AD16-E4B6EFDA5D97}.Debug|x86.Build.0 = Debug|x86
		{35388E8E-0CDB-4A84-AD16-E4B6EFDA5D97}.Release|Any CPU.ActiveCfg = Release|x86
		{35388E8E-0CDB-4A84-AD16-E4B6EFDA5D97}.Release|Mixed Platforms.ActiveCfg = Release|x86
		{35388E8E-0CDB-4A84-AD16-E4B6EFDA5D97}.Release|Mixed Platforms.Build.0 = Release|x86
		{35388E8E-0CDB-4A84-AD16-E4B6EFDA5D97}.Release|x64.ActiveCfg = Release|x86
		{35388E8E-0CDB-4A84-AD16-E4B6EFDA5D97}.Release|x86.ActiveCfg = Release|x86
		{35388E8E-0CDB-4A84-AD16-E4B6EFDA5D97}.Release|x86.Build.0 = Release|x86
		{F2BE0FDF-6E47-4827-A420-DD4EF82407F8}.Debug|Any CPU.ActiveCfg = Debug|Any CPU
		{F2BE0FDF-6E47-4827-A420-DD4EF82407F8}.Debug|Any CPU.Build.0 = Debug|Any CPU
		{F2BE0FDF-6E47-4827-A420-DD4EF82407F8}.Debug|Mixed Platforms.ActiveCfg = Debug|Any CPU
		{F2BE0FDF-6E47-4827-A420-DD4EF82407F8}.Debug|Mixed Platforms.Build.0 = Debug|Any CPU
		{F2BE0FDF-6E47-4827-A420-DD4EF82407F8}.Debug|x64.ActiveCfg = Debug|Any CPU
		{F2BE0FDF-6E47-4827-A420-DD4EF82407F8}.Debug|x86.ActiveCfg = Debug|Any CPU
		{F2BE0FDF-6E47-4827-A420-DD4EF82407F8}.Release|Any CPU.ActiveCfg = Release|Any CPU
		{F2BE0FDF-6E47-4827-A420-DD4EF82407F8}.Release|Any CPU.Build.0 = Release|Any CPU
		{F2BE0FDF-6E47-4827-A420-DD4EF82407F8}.Release|Mixed Platforms.ActiveCfg = Release|Any CPU
		{F2BE0FDF-6E47-4827-A420-DD4EF82407F8}.Release|Mixed Platforms.Build.0 = Release|Any CPU
		{F2BE0FDF-6E47-4827-A420-DD4EF82407F8}.Release|x64.ActiveCfg = Release|Any CPU
		{F2BE0FDF-6E47-4827-A420-DD4EF82407F8}.Release|x86.ActiveCfg = Release|Any CPU
	EndGlobalSection
	GlobalSection(SolutionProperties) = preSolution
		HideSolutionNode = FALSE
	EndGlobalSection
	GlobalSection(NestedProjects) = preSolution
		{193ADD3B-792B-4173-8E4C-5A3F8F0237F0} = {57A04B72-8088-4F75-A582-1158CF8291F7}
		{C0EA1A40-91AD-4EEB-BD16-2DDDEBD20AE5} = {57A04B72-8088-4F75-A582-1158CF8291F7}
		{FAFB5948-A222-4CF6-AD14-026BE7564802} = {57A04B72-8088-4F75-A582-1158CF8291F7}
		{35388E8E-0CDB-4A84-AD16-E4B6EFDA5D97} = {57A04B72-8088-4F75-A582-1158CF8291F7}
	EndGlobalSection
	GlobalSection(ExtensibilityGlobals) = postSolution
		EnterpriseLibraryConfigurationToolBinariesPath = packages\Unity.2.1.505.0\lib\NET35
	EndGlobalSection
EndGlobal
