Microsoft Visual Studio Solution File, Format Version 12.00
# Visual Studio 2012
Project("{2150E333-8FDC-42A3-9474-1A3956D46DE8}") = "Tests", "Tests", "{57A04B72-8088-4F75-A582-1158CF8291F7}"
EndProject
Project("{2150E333-8FDC-42A3-9474-1A3956D46DE8}") = "Test.Common", "Test.Common", "{47697CDB-27B6-4B05-B4F8-0CBE6F6EDF97}"
EndProject
Project("{2150E333-8FDC-42A3-9474-1A3956D46DE8}") = "WindowsServiceHelpers", "WindowsServiceHelpers", "{F9E67978-5CD6-4A5F-827B-4249711C0B02}"
EndProject
Project("{FAE04EC0-301F-11D3-BF4B-00C04F79EFBC}") = "NzbDrone", "NzbDrone\NzbDrone.csproj", "{D12F7F2F-8A3C-415F-88FA-6DD061A84869}"
	ProjectSection(ProjectDependencies) = postProject
		{FF5EE3B6-913B-47CE-9CEB-11C51B4E1205} = {FF5EE3B6-913B-47CE-9CEB-11C51B4E1205}
	EndProjectSection
EndProject
Project("{FAE04EC0-301F-11D3-BF4B-00C04F79EFBC}") = "NzbDrone.Core", "NzbDrone.Core\NzbDrone.Core.csproj", "{FF5EE3B6-913B-47CE-9CEB-11C51B4E1205}"
EndProject
Project("{FAE04EC0-301F-11D3-BF4B-00C04F79EFBC}") = "NzbDrone.Core.Test", "NzbDrone.Core.Test\NzbDrone.Core.Test.csproj", "{193ADD3B-792B-4173-8E4C-5A3F8F0237F0}"
EndProject
Project("{FAE04EC0-301F-11D3-BF4B-00C04F79EFBC}") = "NzbDrone.App.Test", "NzbDrone.App.Test\NzbDrone.App.Test.csproj", "{C0EA1A40-91AD-4EEB-BD16-2DDDEBD20AE5}"
EndProject
Project("{FAE04EC0-301F-11D3-BF4B-00C04F79EFBC}") = "NzbDrone.Test.Dummy", "NzbDrone.Test.Dummy\NzbDrone.Test.Dummy.csproj", "{FAFB5948-A222-4CF6-AD14-026BE7564802}"
EndProject
Project("{FAE04EC0-301F-11D3-BF4B-00C04F79EFBC}") = "NzbDrone.Update", "NzbDrone.Update\NzbDrone.Update.csproj", "{4CCC53CD-8D5E-4CC4-97D2-5C9312AC2BD7}"
EndProject
Project("{FAE04EC0-301F-11D3-BF4B-00C04F79EFBC}") = "NzbDrone.Update.Test", "NzbDrone.Update.Test\NzbDrone.Update.Test.csproj", "{35388E8E-0CDB-4A84-AD16-E4B6EFDA5D97}"
EndProject
Project("{FAE04EC0-301F-11D3-BF4B-00C04F79EFBC}") = "NzbDrone.Common", "NzbDrone.Common\NzbDrone.Common.csproj", "{F2BE0FDF-6E47-4827-A420-DD4EF82407F8}"
EndProject
Project("{FAE04EC0-301F-11D3-BF4B-00C04F79EFBC}") = "NzbDrone.Common.Test", "NzbDrone.Common.Test\NzbDrone.Common.Test.csproj", "{BEC74619-DDBB-4FBA-B517-D3E20AFC9997}"
EndProject
Project("{FAE04EC0-301F-11D3-BF4B-00C04F79EFBC}") = "NzbDrone.Test.Common", "NzbDrone.Test.Common\NzbDrone.Test.Common.csproj", "{CADDFCE0-7509-4430-8364-2074E1EEFCA2}"
EndProject
Project("{FAE04EC0-301F-11D3-BF4B-00C04F79EFBC}") = "ServiceInstall", "ServiceHelpers\ServiceInstall\ServiceInstall.csproj", "{6BCE712F-846D-4846-9D1B-A66B858DA755}"
EndProject
Project("{FAE04EC0-301F-11D3-BF4B-00C04F79EFBC}") = "ServiceUninstall", "ServiceHelpers\ServiceUninstall\ServiceUninstall.csproj", "{700D0B95-95CD-43F3-B6C9-FAA0FC1358D4}"
EndProject
Project("{2150E333-8FDC-42A3-9474-1A3956D46DE8}") = ".nuget", ".nuget", "{1E6B3CBE-1578-41C1-9BF9-78D818740BE9}"
	ProjectSection(SolutionItems) = preProject
		.nuget\NuGet.exe = .nuget\NuGet.exe
	EndProjectSection
EndProject
Project("{FAE04EC0-301F-11D3-BF4B-00C04F79EFBC}") = "NzbDrone.Api", "NzbDrone.Api\NzbDrone.Api.csproj", "{FD286DF8-2D3A-4394-8AD5-443FADE55FB2}"
EndProject
Project("{2150E333-8FDC-42A3-9474-1A3956D46DE8}") = "Solution Items", "Solution Items", "{E0BC607C-90DC-4B3B-A2FB-7DC5B45338A4}"
	ProjectSection(SolutionItems) = preProject
		JSLintOptions.xml = JSLintOptions.xml
	EndProjectSection
EndProject
Project("{FAE04EC0-301F-11D3-BF4B-00C04F79EFBC}") = "NzbDrone.SqlCe", "NzbDrone.SqlCe\NzbDrone.SqlCe.csproj", "{64E5482F-0C4F-46C6-9377-699D3EADBA9E}"
EndProject
Project("{FAE04EC0-301F-11D3-BF4B-00C04F79EFBC}") = "NzbDrone.Backbone", "NzbDrone.Backbone\NzbDrone.Backbone.csproj", "{EE6B9BAC-2136-460A-87B0-709D2AC0A9AE}"
EndProject
Project("{FAE04EC0-301F-11D3-BF4B-00C04F79EFBC}") = "Autofac.Integration.Mvc", "Autofac.Integration.Mvc\Autofac.Integration.Mvc.csproj", "{DD874E64-C7EC-464D-925F-CF4A709EDEEF}"
EndProject
Project("{FAE04EC0-301F-11D3-BF4B-00C04F79EFBC}") = "NzbDrone.Console", "NzbDrone.Console\NzbDrone.Console.csproj", "{3DCA7B58-B8B3-49AC-9D9E-56F4A0460976}"
EndProject
Global
	GlobalSection(SolutionConfigurationPlatforms) = preSolution
		Debug|Any CPU = Debug|Any CPU
		Debug|Mixed Platforms = Debug|Mixed Platforms
		Debug|x64 = Debug|x64
		Debug|x86 = Debug|x86
		Release|Any CPU = Release|Any CPU
		Release|Mixed Platforms = Release|Mixed Platforms
		Release|x64 = Release|x64
		Release|x86 = Release|x86
		Services|Any CPU = Services|Any CPU
		Services|Mixed Platforms = Services|Mixed Platforms
		Services|x64 = Services|x64
		Services|x86 = Services|x86
	EndGlobalSection
	GlobalSection(ProjectConfigurationPlatforms) = postSolution
		{D12F7F2F-8A3C-415F-88FA-6DD061A84869}.Debug|Any CPU.ActiveCfg = Debug|x86
		{D12F7F2F-8A3C-415F-88FA-6DD061A84869}.Debug|Mixed Platforms.ActiveCfg = Debug|x86
		{D12F7F2F-8A3C-415F-88FA-6DD061A84869}.Debug|Mixed Platforms.Build.0 = Debug|x86
		{D12F7F2F-8A3C-415F-88FA-6DD061A84869}.Debug|x64.ActiveCfg = Debug|x86
		{D12F7F2F-8A3C-415F-88FA-6DD061A84869}.Debug|x86.ActiveCfg = Debug|x86
		{D12F7F2F-8A3C-415F-88FA-6DD061A84869}.Debug|x86.Build.0 = Debug|x86
		{D12F7F2F-8A3C-415F-88FA-6DD061A84869}.Release|Any CPU.ActiveCfg = Release|x86
		{D12F7F2F-8A3C-415F-88FA-6DD061A84869}.Release|Mixed Platforms.ActiveCfg = Release|x86
		{D12F7F2F-8A3C-415F-88FA-6DD061A84869}.Release|Mixed Platforms.Build.0 = Release|x86
		{D12F7F2F-8A3C-415F-88FA-6DD061A84869}.Release|x64.ActiveCfg = Release|x86
		{D12F7F2F-8A3C-415F-88FA-6DD061A84869}.Release|x86.ActiveCfg = Release|x86
		{D12F7F2F-8A3C-415F-88FA-6DD061A84869}.Release|x86.Build.0 = Release|x86
		{D12F7F2F-8A3C-415F-88FA-6DD061A84869}.Services|Any CPU.ActiveCfg = Release|x86
		{D12F7F2F-8A3C-415F-88FA-6DD061A84869}.Services|Mixed Platforms.ActiveCfg = Release|x86
		{D12F7F2F-8A3C-415F-88FA-6DD061A84869}.Services|Mixed Platforms.Build.0 = Release|x86
		{D12F7F2F-8A3C-415F-88FA-6DD061A84869}.Services|x64.ActiveCfg = Release|x86
		{D12F7F2F-8A3C-415F-88FA-6DD061A84869}.Services|x86.ActiveCfg = Release|x86
		{D12F7F2F-8A3C-415F-88FA-6DD061A84869}.Services|x86.Build.0 = Release|x86
		{FF5EE3B6-913B-47CE-9CEB-11C51B4E1205}.Debug|Any CPU.ActiveCfg = Debug|Any CPU
		{FF5EE3B6-913B-47CE-9CEB-11C51B4E1205}.Debug|Any CPU.Build.0 = Debug|Any CPU
		{FF5EE3B6-913B-47CE-9CEB-11C51B4E1205}.Debug|Mixed Platforms.ActiveCfg = Debug|Any CPU
		{FF5EE3B6-913B-47CE-9CEB-11C51B4E1205}.Debug|Mixed Platforms.Build.0 = Debug|Any CPU
		{FF5EE3B6-913B-47CE-9CEB-11C51B4E1205}.Debug|x64.ActiveCfg = Debug|x64
		{FF5EE3B6-913B-47CE-9CEB-11C51B4E1205}.Debug|x64.Build.0 = Debug|x64
		{FF5EE3B6-913B-47CE-9CEB-11C51B4E1205}.Debug|x86.ActiveCfg = Debug|x86
		{FF5EE3B6-913B-47CE-9CEB-11C51B4E1205}.Debug|x86.Build.0 = Debug|x86
		{FF5EE3B6-913B-47CE-9CEB-11C51B4E1205}.Release|Any CPU.ActiveCfg = Release|Any CPU
		{FF5EE3B6-913B-47CE-9CEB-11C51B4E1205}.Release|Any CPU.Build.0 = Release|Any CPU
		{FF5EE3B6-913B-47CE-9CEB-11C51B4E1205}.Release|Mixed Platforms.ActiveCfg = Release|x86
		{FF5EE3B6-913B-47CE-9CEB-11C51B4E1205}.Release|Mixed Platforms.Build.0 = Release|x86
		{FF5EE3B6-913B-47CE-9CEB-11C51B4E1205}.Release|x64.ActiveCfg = Release|x64
		{FF5EE3B6-913B-47CE-9CEB-11C51B4E1205}.Release|x64.Build.0 = Release|x64
		{FF5EE3B6-913B-47CE-9CEB-11C51B4E1205}.Release|x86.ActiveCfg = Release|x86
		{FF5EE3B6-913B-47CE-9CEB-11C51B4E1205}.Release|x86.Build.0 = Release|x86
		{FF5EE3B6-913B-47CE-9CEB-11C51B4E1205}.Services|Any CPU.ActiveCfg = Release|Any CPU
		{FF5EE3B6-913B-47CE-9CEB-11C51B4E1205}.Services|Any CPU.Build.0 = Release|Any CPU
		{FF5EE3B6-913B-47CE-9CEB-11C51B4E1205}.Services|Mixed Platforms.ActiveCfg = Release|x86
		{FF5EE3B6-913B-47CE-9CEB-11C51B4E1205}.Services|Mixed Platforms.Build.0 = Release|x86
		{FF5EE3B6-913B-47CE-9CEB-11C51B4E1205}.Services|x64.ActiveCfg = Release|x64
		{FF5EE3B6-913B-47CE-9CEB-11C51B4E1205}.Services|x64.Build.0 = Release|x64
		{FF5EE3B6-913B-47CE-9CEB-11C51B4E1205}.Services|x86.ActiveCfg = Release|x86
		{FF5EE3B6-913B-47CE-9CEB-11C51B4E1205}.Services|x86.Build.0 = Release|x86
		{193ADD3B-792B-4173-8E4C-5A3F8F0237F0}.Debug|Any CPU.ActiveCfg = Debug|Any CPU
		{193ADD3B-792B-4173-8E4C-5A3F8F0237F0}.Debug|Any CPU.Build.0 = Debug|Any CPU
		{193ADD3B-792B-4173-8E4C-5A3F8F0237F0}.Debug|Mixed Platforms.ActiveCfg = Debug|Any CPU
		{193ADD3B-792B-4173-8E4C-5A3F8F0237F0}.Debug|Mixed Platforms.Build.0 = Debug|Any CPU
		{193ADD3B-792B-4173-8E4C-5A3F8F0237F0}.Debug|x64.ActiveCfg = Debug|Any CPU
		{193ADD3B-792B-4173-8E4C-5A3F8F0237F0}.Debug|x86.ActiveCfg = Debug|x86
		{193ADD3B-792B-4173-8E4C-5A3F8F0237F0}.Debug|x86.Build.0 = Debug|x86
		{193ADD3B-792B-4173-8E4C-5A3F8F0237F0}.Release|Any CPU.ActiveCfg = Release|Any CPU
		{193ADD3B-792B-4173-8E4C-5A3F8F0237F0}.Release|Any CPU.Build.0 = Release|Any CPU
		{193ADD3B-792B-4173-8E4C-5A3F8F0237F0}.Release|Mixed Platforms.ActiveCfg = Release|Any CPU
		{193ADD3B-792B-4173-8E4C-5A3F8F0237F0}.Release|Mixed Platforms.Build.0 = Release|Any CPU
		{193ADD3B-792B-4173-8E4C-5A3F8F0237F0}.Release|x64.ActiveCfg = Release|Any CPU
		{193ADD3B-792B-4173-8E4C-5A3F8F0237F0}.Release|x86.ActiveCfg = Release|x86
		{193ADD3B-792B-4173-8E4C-5A3F8F0237F0}.Release|x86.Build.0 = Release|x86
		{193ADD3B-792B-4173-8E4C-5A3F8F0237F0}.Services|Any CPU.ActiveCfg = Release|Any CPU
		{193ADD3B-792B-4173-8E4C-5A3F8F0237F0}.Services|Any CPU.Build.0 = Release|Any CPU
		{193ADD3B-792B-4173-8E4C-5A3F8F0237F0}.Services|Mixed Platforms.ActiveCfg = Release|Any CPU
		{193ADD3B-792B-4173-8E4C-5A3F8F0237F0}.Services|Mixed Platforms.Build.0 = Release|Any CPU
		{193ADD3B-792B-4173-8E4C-5A3F8F0237F0}.Services|x64.ActiveCfg = Release|Any CPU
		{193ADD3B-792B-4173-8E4C-5A3F8F0237F0}.Services|x86.ActiveCfg = Release|Any CPU
		{C0EA1A40-91AD-4EEB-BD16-2DDDEBD20AE5}.Debug|Any CPU.ActiveCfg = Debug|Any CPU
		{C0EA1A40-91AD-4EEB-BD16-2DDDEBD20AE5}.Debug|Any CPU.Build.0 = Debug|Any CPU
		{C0EA1A40-91AD-4EEB-BD16-2DDDEBD20AE5}.Debug|Mixed Platforms.ActiveCfg = Debug|Any CPU
		{C0EA1A40-91AD-4EEB-BD16-2DDDEBD20AE5}.Debug|Mixed Platforms.Build.0 = Debug|Any CPU
		{C0EA1A40-91AD-4EEB-BD16-2DDDEBD20AE5}.Debug|x64.ActiveCfg = Debug|Any CPU
		{C0EA1A40-91AD-4EEB-BD16-2DDDEBD20AE5}.Debug|x86.ActiveCfg = Debug|x86
		{C0EA1A40-91AD-4EEB-BD16-2DDDEBD20AE5}.Debug|x86.Build.0 = Debug|x86
		{C0EA1A40-91AD-4EEB-BD16-2DDDEBD20AE5}.Release|Any CPU.ActiveCfg = Release|Any CPU
		{C0EA1A40-91AD-4EEB-BD16-2DDDEBD20AE5}.Release|Any CPU.Build.0 = Release|Any CPU
		{C0EA1A40-91AD-4EEB-BD16-2DDDEBD20AE5}.Release|Mixed Platforms.ActiveCfg = Release|Any CPU
		{C0EA1A40-91AD-4EEB-BD16-2DDDEBD20AE5}.Release|Mixed Platforms.Build.0 = Release|Any CPU
		{C0EA1A40-91AD-4EEB-BD16-2DDDEBD20AE5}.Release|x64.ActiveCfg = Release|Any CPU
		{C0EA1A40-91AD-4EEB-BD16-2DDDEBD20AE5}.Release|x86.ActiveCfg = Release|x86
		{C0EA1A40-91AD-4EEB-BD16-2DDDEBD20AE5}.Release|x86.Build.0 = Release|x86
		{C0EA1A40-91AD-4EEB-BD16-2DDDEBD20AE5}.Services|Any CPU.ActiveCfg = Release|Any CPU
		{C0EA1A40-91AD-4EEB-BD16-2DDDEBD20AE5}.Services|Any CPU.Build.0 = Release|Any CPU
		{C0EA1A40-91AD-4EEB-BD16-2DDDEBD20AE5}.Services|Mixed Platforms.ActiveCfg = Release|Any CPU
		{C0EA1A40-91AD-4EEB-BD16-2DDDEBD20AE5}.Services|Mixed Platforms.Build.0 = Release|Any CPU
		{C0EA1A40-91AD-4EEB-BD16-2DDDEBD20AE5}.Services|x64.ActiveCfg = Release|Any CPU
		{C0EA1A40-91AD-4EEB-BD16-2DDDEBD20AE5}.Services|x86.ActiveCfg = Release|Any CPU
		{FAFB5948-A222-4CF6-AD14-026BE7564802}.Debug|Any CPU.ActiveCfg = Debug|x86
		{FAFB5948-A222-4CF6-AD14-026BE7564802}.Debug|Mixed Platforms.ActiveCfg = Debug|x86
		{FAFB5948-A222-4CF6-AD14-026BE7564802}.Debug|Mixed Platforms.Build.0 = Debug|x86
		{FAFB5948-A222-4CF6-AD14-026BE7564802}.Debug|x64.ActiveCfg = Debug|x86
		{FAFB5948-A222-4CF6-AD14-026BE7564802}.Debug|x86.ActiveCfg = Debug|x86
		{FAFB5948-A222-4CF6-AD14-026BE7564802}.Debug|x86.Build.0 = Debug|x86
		{FAFB5948-A222-4CF6-AD14-026BE7564802}.Release|Any CPU.ActiveCfg = Release|x86
		{FAFB5948-A222-4CF6-AD14-026BE7564802}.Release|Mixed Platforms.ActiveCfg = Release|x86
		{FAFB5948-A222-4CF6-AD14-026BE7564802}.Release|Mixed Platforms.Build.0 = Release|x86
		{FAFB5948-A222-4CF6-AD14-026BE7564802}.Release|x64.ActiveCfg = Release|x86
		{FAFB5948-A222-4CF6-AD14-026BE7564802}.Release|x86.ActiveCfg = Release|x86
		{FAFB5948-A222-4CF6-AD14-026BE7564802}.Release|x86.Build.0 = Release|x86
		{FAFB5948-A222-4CF6-AD14-026BE7564802}.Services|Any CPU.ActiveCfg = Release|x86
		{FAFB5948-A222-4CF6-AD14-026BE7564802}.Services|Mixed Platforms.ActiveCfg = Release|x86
		{FAFB5948-A222-4CF6-AD14-026BE7564802}.Services|Mixed Platforms.Build.0 = Release|x86
		{FAFB5948-A222-4CF6-AD14-026BE7564802}.Services|x64.ActiveCfg = Release|x86
		{FAFB5948-A222-4CF6-AD14-026BE7564802}.Services|x86.ActiveCfg = Release|x86
		{FAFB5948-A222-4CF6-AD14-026BE7564802}.Services|x86.Build.0 = Release|x86
		{4CCC53CD-8D5E-4CC4-97D2-5C9312AC2BD7}.Debug|Any CPU.ActiveCfg = Debug|x86
		{4CCC53CD-8D5E-4CC4-97D2-5C9312AC2BD7}.Debug|Mixed Platforms.ActiveCfg = Debug|x86
		{4CCC53CD-8D5E-4CC4-97D2-5C9312AC2BD7}.Debug|Mixed Platforms.Build.0 = Debug|x86
		{4CCC53CD-8D5E-4CC4-97D2-5C9312AC2BD7}.Debug|x64.ActiveCfg = Debug|x86
		{4CCC53CD-8D5E-4CC4-97D2-5C9312AC2BD7}.Debug|x86.ActiveCfg = Debug|x86
		{4CCC53CD-8D5E-4CC4-97D2-5C9312AC2BD7}.Debug|x86.Build.0 = Debug|x86
		{4CCC53CD-8D5E-4CC4-97D2-5C9312AC2BD7}.Release|Any CPU.ActiveCfg = Release|x86
		{4CCC53CD-8D5E-4CC4-97D2-5C9312AC2BD7}.Release|Mixed Platforms.ActiveCfg = Release|x86
		{4CCC53CD-8D5E-4CC4-97D2-5C9312AC2BD7}.Release|Mixed Platforms.Build.0 = Release|x86
		{4CCC53CD-8D5E-4CC4-97D2-5C9312AC2BD7}.Release|x64.ActiveCfg = Release|x86
		{4CCC53CD-8D5E-4CC4-97D2-5C9312AC2BD7}.Release|x86.ActiveCfg = Release|x86
		{4CCC53CD-8D5E-4CC4-97D2-5C9312AC2BD7}.Release|x86.Build.0 = Release|x86
		{4CCC53CD-8D5E-4CC4-97D2-5C9312AC2BD7}.Services|Any CPU.ActiveCfg = Release|x86
		{4CCC53CD-8D5E-4CC4-97D2-5C9312AC2BD7}.Services|Mixed Platforms.ActiveCfg = Release|x86
		{4CCC53CD-8D5E-4CC4-97D2-5C9312AC2BD7}.Services|Mixed Platforms.Build.0 = Release|x86
		{4CCC53CD-8D5E-4CC4-97D2-5C9312AC2BD7}.Services|x64.ActiveCfg = Release|x86
		{4CCC53CD-8D5E-4CC4-97D2-5C9312AC2BD7}.Services|x86.ActiveCfg = Release|x86
		{4CCC53CD-8D5E-4CC4-97D2-5C9312AC2BD7}.Services|x86.Build.0 = Release|x86
		{35388E8E-0CDB-4A84-AD16-E4B6EFDA5D97}.Debug|Any CPU.ActiveCfg = Debug|x86
		{35388E8E-0CDB-4A84-AD16-E4B6EFDA5D97}.Debug|Mixed Platforms.ActiveCfg = Debug|x86
		{35388E8E-0CDB-4A84-AD16-E4B6EFDA5D97}.Debug|Mixed Platforms.Build.0 = Debug|x86
		{35388E8E-0CDB-4A84-AD16-E4B6EFDA5D97}.Debug|x64.ActiveCfg = Debug|x86
		{35388E8E-0CDB-4A84-AD16-E4B6EFDA5D97}.Debug|x86.ActiveCfg = Debug|x86
		{35388E8E-0CDB-4A84-AD16-E4B6EFDA5D97}.Debug|x86.Build.0 = Debug|x86
		{35388E8E-0CDB-4A84-AD16-E4B6EFDA5D97}.Release|Any CPU.ActiveCfg = Release|x86
		{35388E8E-0CDB-4A84-AD16-E4B6EFDA5D97}.Release|Mixed Platforms.ActiveCfg = Release|x86
		{35388E8E-0CDB-4A84-AD16-E4B6EFDA5D97}.Release|Mixed Platforms.Build.0 = Release|x86
		{35388E8E-0CDB-4A84-AD16-E4B6EFDA5D97}.Release|x64.ActiveCfg = Release|x86
		{35388E8E-0CDB-4A84-AD16-E4B6EFDA5D97}.Release|x86.ActiveCfg = Release|x86
		{35388E8E-0CDB-4A84-AD16-E4B6EFDA5D97}.Release|x86.Build.0 = Release|x86
		{35388E8E-0CDB-4A84-AD16-E4B6EFDA5D97}.Services|Any CPU.ActiveCfg = Release|x86
		{35388E8E-0CDB-4A84-AD16-E4B6EFDA5D97}.Services|Mixed Platforms.ActiveCfg = Release|x86
		{35388E8E-0CDB-4A84-AD16-E4B6EFDA5D97}.Services|Mixed Platforms.Build.0 = Release|x86
		{35388E8E-0CDB-4A84-AD16-E4B6EFDA5D97}.Services|x64.ActiveCfg = Release|x86
		{35388E8E-0CDB-4A84-AD16-E4B6EFDA5D97}.Services|x86.ActiveCfg = Release|x86
		{35388E8E-0CDB-4A84-AD16-E4B6EFDA5D97}.Services|x86.Build.0 = Release|x86
		{F2BE0FDF-6E47-4827-A420-DD4EF82407F8}.Debug|Any CPU.ActiveCfg = Debug|Any CPU
		{F2BE0FDF-6E47-4827-A420-DD4EF82407F8}.Debug|Any CPU.Build.0 = Debug|Any CPU
		{F2BE0FDF-6E47-4827-A420-DD4EF82407F8}.Debug|Mixed Platforms.ActiveCfg = Debug|Any CPU
		{F2BE0FDF-6E47-4827-A420-DD4EF82407F8}.Debug|Mixed Platforms.Build.0 = Debug|Any CPU
		{F2BE0FDF-6E47-4827-A420-DD4EF82407F8}.Debug|x64.ActiveCfg = Debug|Any CPU
		{F2BE0FDF-6E47-4827-A420-DD4EF82407F8}.Debug|x86.ActiveCfg = Debug|x86
		{F2BE0FDF-6E47-4827-A420-DD4EF82407F8}.Debug|x86.Build.0 = Debug|x86
		{F2BE0FDF-6E47-4827-A420-DD4EF82407F8}.Release|Any CPU.ActiveCfg = Release|Any CPU
		{F2BE0FDF-6E47-4827-A420-DD4EF82407F8}.Release|Any CPU.Build.0 = Release|Any CPU
		{F2BE0FDF-6E47-4827-A420-DD4EF82407F8}.Release|Mixed Platforms.ActiveCfg = Release|Any CPU
		{F2BE0FDF-6E47-4827-A420-DD4EF82407F8}.Release|Mixed Platforms.Build.0 = Release|Any CPU
		{F2BE0FDF-6E47-4827-A420-DD4EF82407F8}.Release|x64.ActiveCfg = Release|Any CPU
		{F2BE0FDF-6E47-4827-A420-DD4EF82407F8}.Release|x86.ActiveCfg = Release|x86
		{F2BE0FDF-6E47-4827-A420-DD4EF82407F8}.Release|x86.Build.0 = Release|x86
		{F2BE0FDF-6E47-4827-A420-DD4EF82407F8}.Services|Any CPU.ActiveCfg = Release|Any CPU
		{F2BE0FDF-6E47-4827-A420-DD4EF82407F8}.Services|Any CPU.Build.0 = Release|Any CPU
		{F2BE0FDF-6E47-4827-A420-DD4EF82407F8}.Services|Mixed Platforms.ActiveCfg = Release|Any CPU
		{F2BE0FDF-6E47-4827-A420-DD4EF82407F8}.Services|Mixed Platforms.Build.0 = Release|Any CPU
		{F2BE0FDF-6E47-4827-A420-DD4EF82407F8}.Services|x64.ActiveCfg = Release|Any CPU
		{F2BE0FDF-6E47-4827-A420-DD4EF82407F8}.Services|x86.ActiveCfg = Release|Any CPU
		{BEC74619-DDBB-4FBA-B517-D3E20AFC9997}.Debug|Any CPU.ActiveCfg = Debug|Any CPU
		{BEC74619-DDBB-4FBA-B517-D3E20AFC9997}.Debug|Any CPU.Build.0 = Debug|Any CPU
		{BEC74619-DDBB-4FBA-B517-D3E20AFC9997}.Debug|Mixed Platforms.ActiveCfg = Debug|Any CPU
		{BEC74619-DDBB-4FBA-B517-D3E20AFC9997}.Debug|Mixed Platforms.Build.0 = Debug|Any CPU
		{BEC74619-DDBB-4FBA-B517-D3E20AFC9997}.Debug|x64.ActiveCfg = Debug|Any CPU
		{BEC74619-DDBB-4FBA-B517-D3E20AFC9997}.Debug|x86.ActiveCfg = Debug|x86
		{BEC74619-DDBB-4FBA-B517-D3E20AFC9997}.Debug|x86.Build.0 = Debug|x86
		{BEC74619-DDBB-4FBA-B517-D3E20AFC9997}.Release|Any CPU.ActiveCfg = Release|Any CPU
		{BEC74619-DDBB-4FBA-B517-D3E20AFC9997}.Release|Any CPU.Build.0 = Release|Any CPU
		{BEC74619-DDBB-4FBA-B517-D3E20AFC9997}.Release|Mixed Platforms.ActiveCfg = Release|Any CPU
		{BEC74619-DDBB-4FBA-B517-D3E20AFC9997}.Release|Mixed Platforms.Build.0 = Release|Any CPU
		{BEC74619-DDBB-4FBA-B517-D3E20AFC9997}.Release|x64.ActiveCfg = Release|Any CPU
		{BEC74619-DDBB-4FBA-B517-D3E20AFC9997}.Release|x86.ActiveCfg = Release|x86
		{BEC74619-DDBB-4FBA-B517-D3E20AFC9997}.Release|x86.Build.0 = Release|x86
		{BEC74619-DDBB-4FBA-B517-D3E20AFC9997}.Services|Any CPU.ActiveCfg = Release|Any CPU
		{BEC74619-DDBB-4FBA-B517-D3E20AFC9997}.Services|Any CPU.Build.0 = Release|Any CPU
		{BEC74619-DDBB-4FBA-B517-D3E20AFC9997}.Services|Mixed Platforms.ActiveCfg = Release|Any CPU
		{BEC74619-DDBB-4FBA-B517-D3E20AFC9997}.Services|Mixed Platforms.Build.0 = Release|Any CPU
		{BEC74619-DDBB-4FBA-B517-D3E20AFC9997}.Services|x64.ActiveCfg = Release|Any CPU
		{BEC74619-DDBB-4FBA-B517-D3E20AFC9997}.Services|x86.ActiveCfg = Release|Any CPU
		{CADDFCE0-7509-4430-8364-2074E1EEFCA2}.Debug|Any CPU.ActiveCfg = Debug|Any CPU
		{CADDFCE0-7509-4430-8364-2074E1EEFCA2}.Debug|Any CPU.Build.0 = Debug|Any CPU
		{CADDFCE0-7509-4430-8364-2074E1EEFCA2}.Debug|Mixed Platforms.ActiveCfg = Debug|Any CPU
		{CADDFCE0-7509-4430-8364-2074E1EEFCA2}.Debug|Mixed Platforms.Build.0 = Debug|Any CPU
		{CADDFCE0-7509-4430-8364-2074E1EEFCA2}.Debug|x64.ActiveCfg = Debug|Any CPU
		{CADDFCE0-7509-4430-8364-2074E1EEFCA2}.Debug|x86.ActiveCfg = Debug|x86
		{CADDFCE0-7509-4430-8364-2074E1EEFCA2}.Debug|x86.Build.0 = Debug|x86
		{CADDFCE0-7509-4430-8364-2074E1EEFCA2}.Release|Any CPU.ActiveCfg = Release|Any CPU
		{CADDFCE0-7509-4430-8364-2074E1EEFCA2}.Release|Any CPU.Build.0 = Release|Any CPU
		{CADDFCE0-7509-4430-8364-2074E1EEFCA2}.Release|Mixed Platforms.ActiveCfg = Release|Any CPU
		{CADDFCE0-7509-4430-8364-2074E1EEFCA2}.Release|Mixed Platforms.Build.0 = Release|Any CPU
		{CADDFCE0-7509-4430-8364-2074E1EEFCA2}.Release|x64.ActiveCfg = Release|Any CPU
		{CADDFCE0-7509-4430-8364-2074E1EEFCA2}.Release|x86.ActiveCfg = Release|x86
		{CADDFCE0-7509-4430-8364-2074E1EEFCA2}.Release|x86.Build.0 = Release|x86
		{CADDFCE0-7509-4430-8364-2074E1EEFCA2}.Services|Any CPU.ActiveCfg = Release|Any CPU
		{CADDFCE0-7509-4430-8364-2074E1EEFCA2}.Services|Any CPU.Build.0 = Release|Any CPU
		{CADDFCE0-7509-4430-8364-2074E1EEFCA2}.Services|Mixed Platforms.ActiveCfg = Release|Any CPU
		{CADDFCE0-7509-4430-8364-2074E1EEFCA2}.Services|Mixed Platforms.Build.0 = Release|Any CPU
		{CADDFCE0-7509-4430-8364-2074E1EEFCA2}.Services|x64.ActiveCfg = Release|Any CPU
		{CADDFCE0-7509-4430-8364-2074E1EEFCA2}.Services|x86.ActiveCfg = Release|Any CPU
		{6BCE712F-846D-4846-9D1B-A66B858DA755}.Debug|Any CPU.ActiveCfg = Debug|x86
		{6BCE712F-846D-4846-9D1B-A66B858DA755}.Debug|Mixed Platforms.ActiveCfg = Debug|x86
		{6BCE712F-846D-4846-9D1B-A66B858DA755}.Debug|Mixed Platforms.Build.0 = Debug|x86
		{6BCE712F-846D-4846-9D1B-A66B858DA755}.Debug|x64.ActiveCfg = Debug|x86
		{6BCE712F-846D-4846-9D1B-A66B858DA755}.Debug|x86.ActiveCfg = Debug|x86
		{6BCE712F-846D-4846-9D1B-A66B858DA755}.Debug|x86.Build.0 = Debug|x86
		{6BCE712F-846D-4846-9D1B-A66B858DA755}.Release|Any CPU.ActiveCfg = Release|x86
		{6BCE712F-846D-4846-9D1B-A66B858DA755}.Release|Mixed Platforms.ActiveCfg = Release|x86
		{6BCE712F-846D-4846-9D1B-A66B858DA755}.Release|x64.ActiveCfg = Release|x86
		{6BCE712F-846D-4846-9D1B-A66B858DA755}.Release|x86.ActiveCfg = Release|x86
		{6BCE712F-846D-4846-9D1B-A66B858DA755}.Release|x86.Build.0 = Release|x86
		{6BCE712F-846D-4846-9D1B-A66B858DA755}.Services|Any CPU.ActiveCfg = Release|x86
		{6BCE712F-846D-4846-9D1B-A66B858DA755}.Services|Mixed Platforms.ActiveCfg = Release|x86
		{6BCE712F-846D-4846-9D1B-A66B858DA755}.Services|Mixed Platforms.Build.0 = Release|x86
		{6BCE712F-846D-4846-9D1B-A66B858DA755}.Services|x64.ActiveCfg = Release|x86
		{6BCE712F-846D-4846-9D1B-A66B858DA755}.Services|x86.ActiveCfg = Release|x86
		{6BCE712F-846D-4846-9D1B-A66B858DA755}.Services|x86.Build.0 = Release|x86
		{700D0B95-95CD-43F3-B6C9-FAA0FC1358D4}.Debug|Any CPU.ActiveCfg = Debug|x86
		{700D0B95-95CD-43F3-B6C9-FAA0FC1358D4}.Debug|Mixed Platforms.ActiveCfg = Debug|x86
		{700D0B95-95CD-43F3-B6C9-FAA0FC1358D4}.Debug|Mixed Platforms.Build.0 = Debug|x86
		{700D0B95-95CD-43F3-B6C9-FAA0FC1358D4}.Debug|x64.ActiveCfg = Debug|x86
		{700D0B95-95CD-43F3-B6C9-FAA0FC1358D4}.Debug|x86.ActiveCfg = Debug|x86
		{700D0B95-95CD-43F3-B6C9-FAA0FC1358D4}.Debug|x86.Build.0 = Debug|x86
		{700D0B95-95CD-43F3-B6C9-FAA0FC1358D4}.Release|Any CPU.ActiveCfg = Release|x86
		{700D0B95-95CD-43F3-B6C9-FAA0FC1358D4}.Release|Mixed Platforms.ActiveCfg = Release|x86
		{700D0B95-95CD-43F3-B6C9-FAA0FC1358D4}.Release|Mixed Platforms.Build.0 = Release|x86
		{700D0B95-95CD-43F3-B6C9-FAA0FC1358D4}.Release|x64.ActiveCfg = Release|x86
		{700D0B95-95CD-43F3-B6C9-FAA0FC1358D4}.Release|x86.ActiveCfg = Release|x86
		{700D0B95-95CD-43F3-B6C9-FAA0FC1358D4}.Release|x86.Build.0 = Release|x86
		{700D0B95-95CD-43F3-B6C9-FAA0FC1358D4}.Services|Any CPU.ActiveCfg = Release|x86
		{700D0B95-95CD-43F3-B6C9-FAA0FC1358D4}.Services|Mixed Platforms.ActiveCfg = Release|x86
		{700D0B95-95CD-43F3-B6C9-FAA0FC1358D4}.Services|Mixed Platforms.Build.0 = Release|x86
		{700D0B95-95CD-43F3-B6C9-FAA0FC1358D4}.Services|x64.ActiveCfg = Release|x86
		{700D0B95-95CD-43F3-B6C9-FAA0FC1358D4}.Services|x86.ActiveCfg = Release|x86
		{700D0B95-95CD-43F3-B6C9-FAA0FC1358D4}.Services|x86.Build.0 = Release|x86
		{FD286DF8-2D3A-4394-8AD5-443FADE55FB2}.Debug|Any CPU.ActiveCfg = Debug|Any CPU
		{FD286DF8-2D3A-4394-8AD5-443FADE55FB2}.Debug|Any CPU.Build.0 = Debug|Any CPU
		{FD286DF8-2D3A-4394-8AD5-443FADE55FB2}.Debug|Mixed Platforms.ActiveCfg = Debug|Any CPU
		{FD286DF8-2D3A-4394-8AD5-443FADE55FB2}.Debug|Mixed Platforms.Build.0 = Debug|Any CPU
		{FD286DF8-2D3A-4394-8AD5-443FADE55FB2}.Debug|x64.ActiveCfg = Debug|Any CPU
		{FD286DF8-2D3A-4394-8AD5-443FADE55FB2}.Debug|x86.ActiveCfg = Debug|x86
		{FD286DF8-2D3A-4394-8AD5-443FADE55FB2}.Debug|x86.Build.0 = Debug|x86
		{FD286DF8-2D3A-4394-8AD5-443FADE55FB2}.Release|Any CPU.ActiveCfg = Release|Any CPU
		{FD286DF8-2D3A-4394-8AD5-443FADE55FB2}.Release|Any CPU.Build.0 = Release|Any CPU
		{FD286DF8-2D3A-4394-8AD5-443FADE55FB2}.Release|Mixed Platforms.ActiveCfg = Release|Any CPU
		{FD286DF8-2D3A-4394-8AD5-443FADE55FB2}.Release|Mixed Platforms.Build.0 = Release|Any CPU
		{FD286DF8-2D3A-4394-8AD5-443FADE55FB2}.Release|x64.ActiveCfg = Release|Any CPU
		{FD286DF8-2D3A-4394-8AD5-443FADE55FB2}.Release|x86.ActiveCfg = Release|x86
		{FD286DF8-2D3A-4394-8AD5-443FADE55FB2}.Release|x86.Build.0 = Release|x86
		{FD286DF8-2D3A-4394-8AD5-443FADE55FB2}.Services|Any CPU.ActiveCfg = Release|Any CPU
		{FD286DF8-2D3A-4394-8AD5-443FADE55FB2}.Services|Any CPU.Build.0 = Release|Any CPU
		{FD286DF8-2D3A-4394-8AD5-443FADE55FB2}.Services|Mixed Platforms.ActiveCfg = Release|Any CPU
		{FD286DF8-2D3A-4394-8AD5-443FADE55FB2}.Services|Mixed Platforms.Build.0 = Release|Any CPU
		{FD286DF8-2D3A-4394-8AD5-443FADE55FB2}.Services|x64.ActiveCfg = Release|Any CPU
		{FD286DF8-2D3A-4394-8AD5-443FADE55FB2}.Services|x86.ActiveCfg = Release|Any CPU
		{64E5482F-0C4F-46C6-9377-699D3EADBA9E}.Debug|Any CPU.ActiveCfg = Debug|Any CPU
		{64E5482F-0C4F-46C6-9377-699D3EADBA9E}.Debug|Any CPU.Build.0 = Debug|Any CPU
		{64E5482F-0C4F-46C6-9377-699D3EADBA9E}.Debug|Mixed Platforms.ActiveCfg = Debug|Any CPU
		{64E5482F-0C4F-46C6-9377-699D3EADBA9E}.Debug|Mixed Platforms.Build.0 = Debug|Any CPU
		{64E5482F-0C4F-46C6-9377-699D3EADBA9E}.Debug|x64.ActiveCfg = Debug|Any CPU
		{64E5482F-0C4F-46C6-9377-699D3EADBA9E}.Debug|x86.ActiveCfg = Debug|Any CPU
		{64E5482F-0C4F-46C6-9377-699D3EADBA9E}.Release|Any CPU.ActiveCfg = Release|Any CPU
		{64E5482F-0C4F-46C6-9377-699D3EADBA9E}.Release|Any CPU.Build.0 = Release|Any CPU
		{64E5482F-0C4F-46C6-9377-699D3EADBA9E}.Release|Mixed Platforms.ActiveCfg = Release|Any CPU
		{64E5482F-0C4F-46C6-9377-699D3EADBA9E}.Release|Mixed Platforms.Build.0 = Release|Any CPU
		{64E5482F-0C4F-46C6-9377-699D3EADBA9E}.Release|x64.ActiveCfg = Release|Any CPU
		{64E5482F-0C4F-46C6-9377-699D3EADBA9E}.Release|x86.ActiveCfg = Release|Any CPU
		{64E5482F-0C4F-46C6-9377-699D3EADBA9E}.Services|Any CPU.ActiveCfg = Release|Any CPU
		{64E5482F-0C4F-46C6-9377-699D3EADBA9E}.Services|Any CPU.Build.0 = Release|Any CPU
		{64E5482F-0C4F-46C6-9377-699D3EADBA9E}.Services|Mixed Platforms.ActiveCfg = Release|Any CPU
		{64E5482F-0C4F-46C6-9377-699D3EADBA9E}.Services|Mixed Platforms.Build.0 = Release|Any CPU
		{64E5482F-0C4F-46C6-9377-699D3EADBA9E}.Services|x64.ActiveCfg = Release|Any CPU
		{64E5482F-0C4F-46C6-9377-699D3EADBA9E}.Services|x86.ActiveCfg = Release|Any CPU
		{EE6B9BAC-2136-460A-87B0-709D2AC0A9AE}.Debug|Any CPU.ActiveCfg = Release|Any CPU
		{EE6B9BAC-2136-460A-87B0-709D2AC0A9AE}.Debug|Any CPU.Build.0 = Release|Any CPU
		{EE6B9BAC-2136-460A-87B0-709D2AC0A9AE}.Debug|Mixed Platforms.ActiveCfg = Release|Any CPU
		{EE6B9BAC-2136-460A-87B0-709D2AC0A9AE}.Debug|x64.ActiveCfg = Release|Any CPU
		{EE6B9BAC-2136-460A-87B0-709D2AC0A9AE}.Debug|x86.ActiveCfg = Release|Any CPU
		{EE6B9BAC-2136-460A-87B0-709D2AC0A9AE}.Release|Any CPU.ActiveCfg = Release|Any CPU
		{EE6B9BAC-2136-460A-87B0-709D2AC0A9AE}.Release|Any CPU.Build.0 = Release|Any CPU
		{EE6B9BAC-2136-460A-87B0-709D2AC0A9AE}.Release|Mixed Platforms.ActiveCfg = Release|Any CPU
		{EE6B9BAC-2136-460A-87B0-709D2AC0A9AE}.Release|x64.ActiveCfg = Release|Any CPU
		{EE6B9BAC-2136-460A-87B0-709D2AC0A9AE}.Release|x86.ActiveCfg = Release|Any CPU
		{EE6B9BAC-2136-460A-87B0-709D2AC0A9AE}.Services|Any CPU.ActiveCfg = Release|Any CPU
		{EE6B9BAC-2136-460A-87B0-709D2AC0A9AE}.Services|Any CPU.Build.0 = Release|Any CPU
		{EE6B9BAC-2136-460A-87B0-709D2AC0A9AE}.Services|Mixed Platforms.ActiveCfg = Release|Any CPU
		{EE6B9BAC-2136-460A-87B0-709D2AC0A9AE}.Services|x64.ActiveCfg = Release|Any CPU
		{EE6B9BAC-2136-460A-87B0-709D2AC0A9AE}.Services|x86.ActiveCfg = Release|Any CPU
		{DD874E64-C7EC-464D-925F-CF4A709EDEEF}.Debug|Any CPU.ActiveCfg = Debug|Any CPU
		{DD874E64-C7EC-464D-925F-CF4A709EDEEF}.Debug|Any CPU.Build.0 = Debug|Any CPU
		{DD874E64-C7EC-464D-925F-CF4A709EDEEF}.Debug|Mixed Platforms.ActiveCfg = Debug|Any CPU
		{DD874E64-C7EC-464D-925F-CF4A709EDEEF}.Debug|Mixed Platforms.Build.0 = Debug|Any CPU
		{DD874E64-C7EC-464D-925F-CF4A709EDEEF}.Debug|x64.ActiveCfg = Debug|Any CPU
		{DD874E64-C7EC-464D-925F-CF4A709EDEEF}.Debug|x86.ActiveCfg = Debug|Any CPU
		{DD874E64-C7EC-464D-925F-CF4A709EDEEF}.Release|Any CPU.ActiveCfg = Release|Any CPU
		{DD874E64-C7EC-464D-925F-CF4A709EDEEF}.Release|Any CPU.Build.0 = Release|Any CPU
		{DD874E64-C7EC-464D-925F-CF4A709EDEEF}.Release|Mixed Platforms.ActiveCfg = Release|Any CPU
		{DD874E64-C7EC-464D-925F-CF4A709EDEEF}.Release|Mixed Platforms.Build.0 = Release|Any CPU
		{DD874E64-C7EC-464D-925F-CF4A709EDEEF}.Release|x64.ActiveCfg = Release|Any CPU
		{DD874E64-C7EC-464D-925F-CF4A709EDEEF}.Release|x86.ActiveCfg = Release|Any CPU
		{DD874E64-C7EC-464D-925F-CF4A709EDEEF}.Services|Any CPU.ActiveCfg = Release|Any CPU
		{DD874E64-C7EC-464D-925F-CF4A709EDEEF}.Services|Any CPU.Build.0 = Release|Any CPU
		{DD874E64-C7EC-464D-925F-CF4A709EDEEF}.Services|Mixed Platforms.ActiveCfg = Release|Any CPU
		{DD874E64-C7EC-464D-925F-CF4A709EDEEF}.Services|Mixed Platforms.Build.0 = Release|Any CPU
		{DD874E64-C7EC-464D-925F-CF4A709EDEEF}.Services|x64.ActiveCfg = Release|Any CPU
		{DD874E64-C7EC-464D-925F-CF4A709EDEEF}.Services|x86.ActiveCfg = Release|Any CPU
		{3DCA7B58-B8B3-49AC-9D9E-56F4A0460976}.Debug|Any CPU.ActiveCfg = Debug|x86
		{3DCA7B58-B8B3-49AC-9D9E-56F4A0460976}.Debug|Mixed Platforms.ActiveCfg = Debug|x86
		{3DCA7B58-B8B3-49AC-9D9E-56F4A0460976}.Debug|Mixed Platforms.Build.0 = Debug|x86
		{3DCA7B58-B8B3-49AC-9D9E-56F4A0460976}.Debug|x64.ActiveCfg = Debug|x86
		{3DCA7B58-B8B3-49AC-9D9E-56F4A0460976}.Debug|x86.ActiveCfg = Debug|x86
		{3DCA7B58-B8B3-49AC-9D9E-56F4A0460976}.Debug|x86.Build.0 = Debug|x86
		{3DCA7B58-B8B3-49AC-9D9E-56F4A0460976}.Release|Any CPU.ActiveCfg = Release|x86
		{3DCA7B58-B8B3-49AC-9D9E-56F4A0460976}.Release|Mixed Platforms.ActiveCfg = Release|x86
		{3DCA7B58-B8B3-49AC-9D9E-56F4A0460976}.Release|Mixed Platforms.Build.0 = Release|x86
		{3DCA7B58-B8B3-49AC-9D9E-56F4A0460976}.Release|x64.ActiveCfg = Release|x86
		{3DCA7B58-B8B3-49AC-9D9E-56F4A0460976}.Release|x86.ActiveCfg = Release|x86
		{3DCA7B58-B8B3-49AC-9D9E-56F4A0460976}.Release|x86.Build.0 = Release|x86
		{3DCA7B58-B8B3-49AC-9D9E-56F4A0460976}.Services|Any CPU.ActiveCfg = Release|x86
		{3DCA7B58-B8B3-49AC-9D9E-56F4A0460976}.Services|Mixed Platforms.ActiveCfg = Release|x86
		{3DCA7B58-B8B3-49AC-9D9E-56F4A0460976}.Services|Mixed Platforms.Build.0 = Release|x86
		{3DCA7B58-B8B3-49AC-9D9E-56F4A0460976}.Services|x64.ActiveCfg = Release|x86
		{3DCA7B58-B8B3-49AC-9D9E-56F4A0460976}.Services|x86.ActiveCfg = Release|x86
		{3DCA7B58-B8B3-49AC-9D9E-56F4A0460976}.Services|x86.Build.0 = Release|x86
	EndGlobalSection
	GlobalSection(SolutionProperties) = preSolution
		HideSolutionNode = FALSE
	EndGlobalSection
	GlobalSection(NestedProjects) = preSolution
		{47697CDB-27B6-4B05-B4F8-0CBE6F6EDF97} = {57A04B72-8088-4F75-A582-1158CF8291F7}
		{193ADD3B-792B-4173-8E4C-5A3F8F0237F0} = {57A04B72-8088-4F75-A582-1158CF8291F7}
		{C0EA1A40-91AD-4EEB-BD16-2DDDEBD20AE5} = {57A04B72-8088-4F75-A582-1158CF8291F7}
		{35388E8E-0CDB-4A84-AD16-E4B6EFDA5D97} = {57A04B72-8088-4F75-A582-1158CF8291F7}
		{BEC74619-DDBB-4FBA-B517-D3E20AFC9997} = {57A04B72-8088-4F75-A582-1158CF8291F7}
		{FAFB5948-A222-4CF6-AD14-026BE7564802} = {47697CDB-27B6-4B05-B4F8-0CBE6F6EDF97}
		{CADDFCE0-7509-4430-8364-2074E1EEFCA2} = {47697CDB-27B6-4B05-B4F8-0CBE6F6EDF97}
		{6BCE712F-846D-4846-9D1B-A66B858DA755} = {F9E67978-5CD6-4A5F-827B-4249711C0B02}
		{700D0B95-95CD-43F3-B6C9-FAA0FC1358D4} = {F9E67978-5CD6-4A5F-827B-4249711C0B02}
	EndGlobalSection
	GlobalSection(ExtensibilityGlobals) = postSolution
		EnterpriseLibraryConfigurationToolBinariesPath = packages\Unity.2.1.505.0\lib\NET35;packages\Unity.2.1.505.2\lib\NET35
	EndGlobalSection
	GlobalSection(JSLint) = preSolution
		SolutionConfigurationLocation = JSLintOptions.xml
	EndGlobalSection
EndGlobal
