
Microsoft Visual Studio Solution File, Format Version 12.00
# Visual Studio 2012
Project("{FAE04EC0-301F-11D3-BF4B-00C04F79EFBC}") = "NzbDrone.Tvdb.Offline", "NzbDrone.Tvdb.Offline\NzbDrone.Tvdb.Offline.csproj", "{9B00D86A-6A39-44D2-9D66-32D9D07882E8}"
EndProject
Project("{2150E333-8FDC-42A3-9474-1A3956D46DE8}") = ".nuget", ".nuget", "{4F7C0C2A-56AB-4D92-9ACF-BB202A49C7C9}"
	ProjectSection(SolutionItems) = preProject
		.nuget\NuGet.Config = .nuget\NuGet.Config
		.nuget\NuGet.exe = .nuget\NuGet.exe
		.nuget\NuGet.targets = .nuget\NuGet.targets
	EndProjectSection
EndProject
Global
	GlobalSection(SolutionConfigurationPlatforms) = preSolution
		Debug|x86 = Debug|x86
		Release|x86 = Release|x86
	EndGlobalSection
	GlobalSection(ProjectConfigurationPlatforms) = postSolution
		{9B00D86A-6A39-44D2-9D66-32D9D07882E8}.Debug|x86.ActiveCfg = Debug|x86
		{9B00D86A-6A39-44D2-9D66-32D9D07882E8}.Debug|x86.Build.0 = Debug|x86
		{9B00D86A-6A39-44D2-9D66-32D9D07882E8}.Release|x86.ActiveCfg = Release|x86
		{9B00D86A-6A39-44D2-9D66-32D9D07882E8}.Release|x86.Build.0 = Release|x86
	EndGlobalSection
	GlobalSection(SolutionProperties) = preSolution
		HideSolutionNode = FALSE
	EndGlobalSection
EndGlobal
