
Microsoft Visual Studio Solution File, Format Version 12.00
# Visual Studio Version 16
VisualStudioVersion = 16.0.29806.167
MinimumVisualStudioVersion = 10.0.40219.1
# Visual Studio Version 17
VisualStudioVersion = 17.2.32516.85
MinimumVisualStudioVersion = 15.0.26124.0
Project("{9A19103F-16F7-4668-BE54-9A1E7A4F7556}") = "Sonarr.Console", "NzbDrone.Console\Sonarr.Console.csproj", "{3DCA7B58-B8B3-49AC-9D9E-56F4A0460976}"
EndProject
Project("{2150E333-8FDC-42A3-9474-1A3956D46DE8}") = "Tests", "Tests", "{57A04B72-8088-4F75-A582-1158CF8291F7}"
EndProject
Project("{2150E333-8FDC-42A3-9474-1A3956D46DE8}") = "Test.Common", "Test.Common", "{47697CDB-27B6-4B05-B4F8-0CBE6F6EDF97}"
EndProject
Project("{9A19103F-16F7-4668-BE54-9A1E7A4F7556}") = "Sonarr.Test.Dummy", "NzbDrone.Test.Dummy\Sonarr.Test.Dummy.csproj", "{FAFB5948-A222-4CF6-AD14-026BE7564802}"
EndProject
Project("{9A19103F-16F7-4668-BE54-9A1E7A4F7556}") = "Sonarr.Test.Common", "NzbDrone.Test.Common\Sonarr.Test.Common.csproj", "{CADDFCE0-7509-4430-8364-2074E1EEFCA2}"
EndProject
Project("{9A19103F-16F7-4668-BE54-9A1E7A4F7556}") = "Sonarr.Core.Test", "NzbDrone.Core.Test\Sonarr.Core.Test.csproj", "{193ADD3B-792B-4173-8E4C-5A3F8F0237F0}"
EndProject
Project("{9A19103F-16F7-4668-BE54-9A1E7A4F7556}") = "Sonarr.Update.Test", "NzbDrone.Update.Test\Sonarr.Update.Test.csproj", "{35388E8E-0CDB-4A84-AD16-E4B6EFDA5D97}"
EndProject
Project("{9A19103F-16F7-4668-BE54-9A1E7A4F7556}") = "Sonarr.Common.Test", "NzbDrone.Common.Test\Sonarr.Common.Test.csproj", "{BEC74619-DDBB-4FBA-B517-D3E20AFC9997}"
EndProject
Project("{9A19103F-16F7-4668-BE54-9A1E7A4F7556}") = "Sonarr.Api.Test", "NzbDrone.Api.Test\Sonarr.Api.Test.csproj", "{D18A5DEB-5102-4775-A1AF-B75DAAA8907B}"
EndProject
Project("{9A19103F-16F7-4668-BE54-9A1E7A4F7556}") = "Sonarr.Libraries.Test", "NzbDrone.Libraries.Test\Sonarr.Libraries.Test.csproj", "{CBF6B8B0-A015-413A-8C86-01238BB45770}"
EndProject
Project("{9A19103F-16F7-4668-BE54-9A1E7A4F7556}") = "Sonarr.Integration.Test", "NzbDrone.Integration.Test\Sonarr.Integration.Test.csproj", "{8CEFECD0-A6C2-498F-98B1-3FBE5820F9AB}"
EndProject
Project("{9A19103F-16F7-4668-BE54-9A1E7A4F7556}") = "Sonarr.Automation.Test", "NzbDrone.Automation.Test\Sonarr.Automation.Test.csproj", "{CC26800D-F67E-464B-88DE-8EB1A0C227A3}"
EndProject
Project("{2150E333-8FDC-42A3-9474-1A3956D46DE8}") = "Install", "Install", "{F9E67978-5CD6-4A5F-827B-4249711C0B02}"
EndProject
Project("{9A19103F-16F7-4668-BE54-9A1E7A4F7556}") = "ServiceInstall", "ServiceHelpers\ServiceInstall\ServiceInstall.csproj", "{6BCE712F-846D-4846-9D1B-A66B858DA755}"
EndProject
Project("{9A19103F-16F7-4668-BE54-9A1E7A4F7556}") = "ServiceUninstall", "ServiceHelpers\ServiceUninstall\ServiceUninstall.csproj", "{700D0B95-95CD-43F3-B6C9-FAA0FC1358D4}"
EndProject
Project("{9A19103F-16F7-4668-BE54-9A1E7A4F7556}") = "Sonarr.Core", "NzbDrone.Core\Sonarr.Core.csproj", "{FF5EE3B6-913B-47CE-9CEB-11C51B4E1205}"
EndProject
Project("{9A19103F-16F7-4668-BE54-9A1E7A4F7556}") = "Sonarr.Update", "NzbDrone.Update\Sonarr.Update.csproj", "{4CCC53CD-8D5E-4CC4-97D2-5C9312AC2BD7}"
EndProject
Project("{9A19103F-16F7-4668-BE54-9A1E7A4F7556}") = "Sonarr.Common", "NzbDrone.Common\Sonarr.Common.csproj", "{F2BE0FDF-6E47-4827-A420-DD4EF82407F8}"
EndProject
Project("{2150E333-8FDC-42A3-9474-1A3956D46DE8}") = "Host", "Host", "{486ADF86-DD89-4E19-B805-9D94F19800D9}"
EndProject
Project("{9A19103F-16F7-4668-BE54-9A1E7A4F7556}") = "Sonarr.Host", "NzbDrone.Host\Sonarr.Host.csproj", "{95C11A9E-56ED-456A-8447-2C89C1139266}"
EndProject
Project("{9A19103F-16F7-4668-BE54-9A1E7A4F7556}") = "Sonarr", "NzbDrone\Sonarr.csproj", "{D12F7F2F-8A3C-415F-88FA-6DD061A84869}"
EndProject
Project("{9A19103F-16F7-4668-BE54-9A1E7A4F7556}") = "Sonarr.SignalR", "NzbDrone.SignalR\Sonarr.SignalR.csproj", "{7C2CC69F-5CA0-4E5C-85CB-983F9F6C3B36}"
EndProject
Project("{2150E333-8FDC-42A3-9474-1A3956D46DE8}") = "Platform", "Platform", "{0F0D4998-8F5D-4467-A909-BB192C4B3B4B}"
EndProject
Project("{2150E333-8FDC-42A3-9474-1A3956D46DE8}") = "Platform", "Platform", "{4EACDBBC-BCD7-4765-A57B-3E08331E4749}"
EndProject
Project("{9A19103F-16F7-4668-BE54-9A1E7A4F7556}") = "Sonarr.Windows.Test", "NzbDrone.Windows.Test\Sonarr.Windows.Test.csproj", "{80B51429-7A0E-46D6-BEE3-C80DCB1C4EAA}"
EndProject
Project("{9A19103F-16F7-4668-BE54-9A1E7A4F7556}") = "Sonarr.Mono.Test", "NzbDrone.Mono.Test\Sonarr.Mono.Test.csproj", "{40D72824-7D02-4A77-9106-8FE0EEA2B997}"
EndProject
Project("{9A19103F-16F7-4668-BE54-9A1E7A4F7556}") = "Sonarr.Api.V3", "Sonarr.Api.V3\Sonarr.Api.V3.csproj", "{7140FF1F-79BE-492F-9188-B21A050BF708}"
EndProject
Project("{9A19103F-16F7-4668-BE54-9A1E7A4F7556}") = "Sonarr.Http", "Sonarr.Http\Sonarr.Http.csproj", "{5370BFF7-1BD7-46BC-AF06-7D9EA5CDA1D6}"
EndProject
Project("{9A19103F-16F7-4668-BE54-9A1E7A4F7556}") = "Sonarr.Host.Test", "NzbDrone.Host.Test\Sonarr.Host.Test.csproj", "{C0EA1A40-91AD-4EEB-BD16-2DDDEBD20AE5}"
EndProject
Project("{9A19103F-16F7-4668-BE54-9A1E7A4F7556}") = "Sonarr.RuntimePatches", "Sonarr.RuntimePatches\Sonarr.RuntimePatches.csproj", "{F3F63718-63C6-432F-BDDC-C960AD95EC82}"
EndProject
Project("{2150E333-8FDC-42A3-9474-1A3956D46DE8}") = "Solution Items", "Solution Items", "{0C7E5F5A-C4CC-4945-B399-1E1C9817CC45}"
	ProjectSection(SolutionItems) = preProject
		..\.editorconfig = ..\.editorconfig
	EndProjectSection
EndProject
Project("{9A19103F-16F7-4668-BE54-9A1E7A4F7556}") = "Sonarr.Mono", "NzbDrone.Mono\Sonarr.Mono.csproj", "{22F71728-AB73-4774-8DC2-6D2D7734AE0C}"
EndProject
Project("{9A19103F-16F7-4668-BE54-9A1E7A4F7556}") = "Sonarr.Windows", "NzbDrone.Windows\Sonarr.Windows.csproj", "{4AE3B731-442E-4AF0-88A5-9FABEB685A0D}"
EndProject
Global
	GlobalSection(SolutionConfigurationPlatforms) = preSolution
		Debug|Posix = Debug|Posix
		Debug|Windows = Debug|Windows
		Release|Posix = Release|Posix
		Release|Windows = Release|Windows
	EndGlobalSection
	GlobalSection(ProjectConfigurationPlatforms) = postSolution
		{3DCA7B58-B8B3-49AC-9D9E-56F4A0460976}.Debug|Any CPU.ActiveCfg = Debug|Any CPU
		{3DCA7B58-B8B3-49AC-9D9E-56F4A0460976}.Debug|Any CPU.Build.0 = Debug|Any CPU
		{3DCA7B58-B8B3-49AC-9D9E-56F4A0460976}.Debug|Posix.ActiveCfg = Debug|Any CPU
		{3DCA7B58-B8B3-49AC-9D9E-56F4A0460976}.Debug|Posix.Build.0 = Debug|Any CPU
		{3DCA7B58-B8B3-49AC-9D9E-56F4A0460976}.Debug|Windows.ActiveCfg = Debug|Any CPU
		{3DCA7B58-B8B3-49AC-9D9E-56F4A0460976}.Debug|Windows.Build.0 = Debug|Any CPU
		{3DCA7B58-B8B3-49AC-9D9E-56F4A0460976}.Release|Any CPU.ActiveCfg = Release|Any CPU
		{3DCA7B58-B8B3-49AC-9D9E-56F4A0460976}.Release|Any CPU.Build.0 = Release|Any CPU
		{3DCA7B58-B8B3-49AC-9D9E-56F4A0460976}.Release|Posix.ActiveCfg = Release|Any CPU
		{3DCA7B58-B8B3-49AC-9D9E-56F4A0460976}.Release|Posix.Build.0 = Release|Any CPU
		{3DCA7B58-B8B3-49AC-9D9E-56F4A0460976}.Release|Windows.ActiveCfg = Release|Any CPU
		{3DCA7B58-B8B3-49AC-9D9E-56F4A0460976}.Release|Windows.Build.0 = Release|Any CPU
		{FAFB5948-A222-4CF6-AD14-026BE7564802}.Debug|Any CPU.ActiveCfg = Debug|Any CPU
		{FAFB5948-A222-4CF6-AD14-026BE7564802}.Debug|Any CPU.Build.0 = Debug|Any CPU
		{FAFB5948-A222-4CF6-AD14-026BE7564802}.Debug|Posix.ActiveCfg = Debug|Any CPU
		{FAFB5948-A222-4CF6-AD14-026BE7564802}.Debug|Posix.Build.0 = Debug|Any CPU
		{FAFB5948-A222-4CF6-AD14-026BE7564802}.Debug|Windows.ActiveCfg = Debug|Any CPU
		{FAFB5948-A222-4CF6-AD14-026BE7564802}.Debug|Windows.Build.0 = Debug|Any CPU
		{FAFB5948-A222-4CF6-AD14-026BE7564802}.Release|Any CPU.ActiveCfg = Release|Any CPU
		{FAFB5948-A222-4CF6-AD14-026BE7564802}.Release|Any CPU.Build.0 = Release|Any CPU
		{FAFB5948-A222-4CF6-AD14-026BE7564802}.Release|Posix.ActiveCfg = Release|Any CPU
		{FAFB5948-A222-4CF6-AD14-026BE7564802}.Release|Posix.Build.0 = Release|Any CPU
		{FAFB5948-A222-4CF6-AD14-026BE7564802}.Release|Windows.ActiveCfg = Release|Any CPU
		{FAFB5948-A222-4CF6-AD14-026BE7564802}.Release|Windows.Build.0 = Release|Any CPU
		{CADDFCE0-7509-4430-8364-2074E1EEFCA2}.Debug|Any CPU.ActiveCfg = Debug|Any CPU
		{CADDFCE0-7509-4430-8364-2074E1EEFCA2}.Debug|Any CPU.Build.0 = Debug|Any CPU
		{CADDFCE0-7509-4430-8364-2074E1EEFCA2}.Debug|Posix.ActiveCfg = Debug|Any CPU
		{CADDFCE0-7509-4430-8364-2074E1EEFCA2}.Debug|Posix.Build.0 = Debug|Any CPU
		{CADDFCE0-7509-4430-8364-2074E1EEFCA2}.Debug|Windows.ActiveCfg = Debug|Any CPU
		{CADDFCE0-7509-4430-8364-2074E1EEFCA2}.Debug|Windows.Build.0 = Debug|Any CPU
		{CADDFCE0-7509-4430-8364-2074E1EEFCA2}.Release|Any CPU.ActiveCfg = Release|Any CPU
		{CADDFCE0-7509-4430-8364-2074E1EEFCA2}.Release|Any CPU.Build.0 = Release|Any CPU
		{CADDFCE0-7509-4430-8364-2074E1EEFCA2}.Release|Posix.ActiveCfg = Release|Any CPU
		{CADDFCE0-7509-4430-8364-2074E1EEFCA2}.Release|Posix.Build.0 = Release|Any CPU
		{CADDFCE0-7509-4430-8364-2074E1EEFCA2}.Release|Windows.ActiveCfg = Release|Any CPU
		{CADDFCE0-7509-4430-8364-2074E1EEFCA2}.Release|Windows.Build.0 = Release|Any CPU
		{193ADD3B-792B-4173-8E4C-5A3F8F0237F0}.Debug|Any CPU.ActiveCfg = Debug|Any CPU
		{193ADD3B-792B-4173-8E4C-5A3F8F0237F0}.Debug|Any CPU.Build.0 = Debug|Any CPU
		{193ADD3B-792B-4173-8E4C-5A3F8F0237F0}.Debug|Posix.ActiveCfg = Debug|Any CPU
		{193ADD3B-792B-4173-8E4C-5A3F8F0237F0}.Debug|Posix.Build.0 = Debug|Any CPU
		{193ADD3B-792B-4173-8E4C-5A3F8F0237F0}.Debug|Windows.ActiveCfg = Debug|Any CPU
		{193ADD3B-792B-4173-8E4C-5A3F8F0237F0}.Debug|Windows.Build.0 = Debug|Any CPU
		{193ADD3B-792B-4173-8E4C-5A3F8F0237F0}.Release|Any CPU.ActiveCfg = Release|Any CPU
		{193ADD3B-792B-4173-8E4C-5A3F8F0237F0}.Release|Any CPU.Build.0 = Release|Any CPU
		{193ADD3B-792B-4173-8E4C-5A3F8F0237F0}.Release|Posix.ActiveCfg = Release|Any CPU
		{193ADD3B-792B-4173-8E4C-5A3F8F0237F0}.Release|Posix.Build.0 = Release|Any CPU
		{193ADD3B-792B-4173-8E4C-5A3F8F0237F0}.Release|Windows.ActiveCfg = Release|Any CPU
		{193ADD3B-792B-4173-8E4C-5A3F8F0237F0}.Release|Windows.Build.0 = Release|Any CPU
		{35388E8E-0CDB-4A84-AD16-E4B6EFDA5D97}.Debug|Any CPU.ActiveCfg = Debug|Any CPU
		{35388E8E-0CDB-4A84-AD16-E4B6EFDA5D97}.Debug|Any CPU.Build.0 = Debug|Any CPU
		{35388E8E-0CDB-4A84-AD16-E4B6EFDA5D97}.Debug|Posix.ActiveCfg = Debug|Any CPU
		{35388E8E-0CDB-4A84-AD16-E4B6EFDA5D97}.Debug|Posix.Build.0 = Debug|Any CPU
		{35388E8E-0CDB-4A84-AD16-E4B6EFDA5D97}.Debug|Windows.ActiveCfg = Debug|Any CPU
		{35388E8E-0CDB-4A84-AD16-E4B6EFDA5D97}.Debug|Windows.Build.0 = Debug|Any CPU
		{35388E8E-0CDB-4A84-AD16-E4B6EFDA5D97}.Release|Any CPU.ActiveCfg = Release|Any CPU
		{35388E8E-0CDB-4A84-AD16-E4B6EFDA5D97}.Release|Any CPU.Build.0 = Release|Any CPU
		{35388E8E-0CDB-4A84-AD16-E4B6EFDA5D97}.Release|Posix.ActiveCfg = Release|Any CPU
		{35388E8E-0CDB-4A84-AD16-E4B6EFDA5D97}.Release|Posix.Build.0 = Release|Any CPU
		{35388E8E-0CDB-4A84-AD16-E4B6EFDA5D97}.Release|Windows.ActiveCfg = Release|Any CPU
		{35388E8E-0CDB-4A84-AD16-E4B6EFDA5D97}.Release|Windows.Build.0 = Release|Any CPU
		{BEC74619-DDBB-4FBA-B517-D3E20AFC9997}.Debug|Any CPU.ActiveCfg = Debug|Any CPU
		{BEC74619-DDBB-4FBA-B517-D3E20AFC9997}.Debug|Any CPU.Build.0 = Debug|Any CPU
		{BEC74619-DDBB-4FBA-B517-D3E20AFC9997}.Debug|Posix.ActiveCfg = Debug|Any CPU
		{BEC74619-DDBB-4FBA-B517-D3E20AFC9997}.Debug|Posix.Build.0 = Debug|Any CPU
		{BEC74619-DDBB-4FBA-B517-D3E20AFC9997}.Debug|Windows.ActiveCfg = Debug|Any CPU
		{BEC74619-DDBB-4FBA-B517-D3E20AFC9997}.Debug|Windows.Build.0 = Debug|Any CPU
		{BEC74619-DDBB-4FBA-B517-D3E20AFC9997}.Release|Any CPU.ActiveCfg = Release|Any CPU
		{BEC74619-DDBB-4FBA-B517-D3E20AFC9997}.Release|Any CPU.Build.0 = Release|Any CPU
		{BEC74619-DDBB-4FBA-B517-D3E20AFC9997}.Release|Posix.ActiveCfg = Release|Any CPU
		{BEC74619-DDBB-4FBA-B517-D3E20AFC9997}.Release|Posix.Build.0 = Release|Any CPU
		{BEC74619-DDBB-4FBA-B517-D3E20AFC9997}.Release|Windows.ActiveCfg = Release|Any CPU
		{BEC74619-DDBB-4FBA-B517-D3E20AFC9997}.Release|Windows.Build.0 = Release|Any CPU
		{D18A5DEB-5102-4775-A1AF-B75DAAA8907B}.Debug|Any CPU.ActiveCfg = Debug|Any CPU
		{D18A5DEB-5102-4775-A1AF-B75DAAA8907B}.Debug|Any CPU.Build.0 = Debug|Any CPU
		{D18A5DEB-5102-4775-A1AF-B75DAAA8907B}.Debug|Posix.ActiveCfg = Debug|Any CPU
		{D18A5DEB-5102-4775-A1AF-B75DAAA8907B}.Debug|Posix.Build.0 = Debug|Any CPU
		{D18A5DEB-5102-4775-A1AF-B75DAAA8907B}.Debug|Windows.ActiveCfg = Debug|Any CPU
		{D18A5DEB-5102-4775-A1AF-B75DAAA8907B}.Debug|Windows.Build.0 = Debug|Any CPU
		{D18A5DEB-5102-4775-A1AF-B75DAAA8907B}.Release|Any CPU.ActiveCfg = Release|Any CPU
		{D18A5DEB-5102-4775-A1AF-B75DAAA8907B}.Release|Any CPU.Build.0 = Release|Any CPU
		{D18A5DEB-5102-4775-A1AF-B75DAAA8907B}.Release|Posix.ActiveCfg = Release|Any CPU
		{D18A5DEB-5102-4775-A1AF-B75DAAA8907B}.Release|Posix.Build.0 = Release|Any CPU
		{D18A5DEB-5102-4775-A1AF-B75DAAA8907B}.Release|Windows.ActiveCfg = Release|Any CPU
		{D18A5DEB-5102-4775-A1AF-B75DAAA8907B}.Release|Windows.Build.0 = Release|Any CPU
		{CBF6B8B0-A015-413A-8C86-01238BB45770}.Debug|Any CPU.ActiveCfg = Debug|Any CPU
		{CBF6B8B0-A015-413A-8C86-01238BB45770}.Debug|Any CPU.Build.0 = Debug|Any CPU
		{CBF6B8B0-A015-413A-8C86-01238BB45770}.Debug|Posix.ActiveCfg = Debug|Any CPU
		{CBF6B8B0-A015-413A-8C86-01238BB45770}.Debug|Posix.Build.0 = Debug|Any CPU
		{CBF6B8B0-A015-413A-8C86-01238BB45770}.Debug|Windows.ActiveCfg = Debug|Any CPU
		{CBF6B8B0-A015-413A-8C86-01238BB45770}.Debug|Windows.Build.0 = Debug|Any CPU
		{CBF6B8B0-A015-413A-8C86-01238BB45770}.Release|Any CPU.ActiveCfg = Release|Any CPU
		{CBF6B8B0-A015-413A-8C86-01238BB45770}.Release|Any CPU.Build.0 = Release|Any CPU
		{CBF6B8B0-A015-413A-8C86-01238BB45770}.Release|Posix.ActiveCfg = Release|Any CPU
		{CBF6B8B0-A015-413A-8C86-01238BB45770}.Release|Posix.Build.0 = Release|Any CPU
		{CBF6B8B0-A015-413A-8C86-01238BB45770}.Release|Windows.ActiveCfg = Release|Any CPU
		{CBF6B8B0-A015-413A-8C86-01238BB45770}.Release|Windows.Build.0 = Release|Any CPU
		{8CEFECD0-A6C2-498F-98B1-3FBE5820F9AB}.Debug|Any CPU.ActiveCfg = Debug|Any CPU
		{8CEFECD0-A6C2-498F-98B1-3FBE5820F9AB}.Debug|Any CPU.Build.0 = Debug|Any CPU
		{8CEFECD0-A6C2-498F-98B1-3FBE5820F9AB}.Debug|Posix.ActiveCfg = Debug|Any CPU
		{8CEFECD0-A6C2-498F-98B1-3FBE5820F9AB}.Debug|Posix.Build.0 = Debug|Any CPU
		{8CEFECD0-A6C2-498F-98B1-3FBE5820F9AB}.Debug|Windows.ActiveCfg = Debug|Any CPU
		{8CEFECD0-A6C2-498F-98B1-3FBE5820F9AB}.Debug|Windows.Build.0 = Debug|Any CPU
		{8CEFECD0-A6C2-498F-98B1-3FBE5820F9AB}.Release|Any CPU.ActiveCfg = Release|Any CPU
		{8CEFECD0-A6C2-498F-98B1-3FBE5820F9AB}.Release|Any CPU.Build.0 = Release|Any CPU
		{8CEFECD0-A6C2-498F-98B1-3FBE5820F9AB}.Release|Posix.ActiveCfg = Release|Any CPU
		{8CEFECD0-A6C2-498F-98B1-3FBE5820F9AB}.Release|Posix.Build.0 = Release|Any CPU
		{8CEFECD0-A6C2-498F-98B1-3FBE5820F9AB}.Release|Windows.ActiveCfg = Release|Any CPU
		{8CEFECD0-A6C2-498F-98B1-3FBE5820F9AB}.Release|Windows.Build.0 = Release|Any CPU
		{CC26800D-F67E-464B-88DE-8EB1A0C227A3}.Debug|Any CPU.ActiveCfg = Debug|Any CPU
		{CC26800D-F67E-464B-88DE-8EB1A0C227A3}.Debug|Any CPU.Build.0 = Debug|Any CPU
		{CC26800D-F67E-464B-88DE-8EB1A0C227A3}.Debug|Posix.ActiveCfg = Debug|Any CPU
		{CC26800D-F67E-464B-88DE-8EB1A0C227A3}.Debug|Posix.Build.0 = Debug|Any CPU
		{CC26800D-F67E-464B-88DE-8EB1A0C227A3}.Debug|Windows.ActiveCfg = Debug|Any CPU
		{CC26800D-F67E-464B-88DE-8EB1A0C227A3}.Debug|Windows.Build.0 = Debug|Any CPU
		{CC26800D-F67E-464B-88DE-8EB1A0C227A3}.Release|Any CPU.ActiveCfg = Release|Any CPU
		{CC26800D-F67E-464B-88DE-8EB1A0C227A3}.Release|Any CPU.Build.0 = Release|Any CPU
		{CC26800D-F67E-464B-88DE-8EB1A0C227A3}.Release|Posix.ActiveCfg = Release|Any CPU
		{CC26800D-F67E-464B-88DE-8EB1A0C227A3}.Release|Posix.Build.0 = Release|Any CPU
		{CC26800D-F67E-464B-88DE-8EB1A0C227A3}.Release|Windows.ActiveCfg = Release|Any CPU
		{CC26800D-F67E-464B-88DE-8EB1A0C227A3}.Release|Windows.Build.0 = Release|Any CPU
		{6BCE712F-846D-4846-9D1B-A66B858DA755}.Debug|Any CPU.ActiveCfg = Debug|Any CPU
		{6BCE712F-846D-4846-9D1B-A66B858DA755}.Debug|Any CPU.Build.0 = Debug|Any CPU
		{6BCE712F-846D-4846-9D1B-A66B858DA755}.Debug|Posix.ActiveCfg = Debug|Any CPU
		{6BCE712F-846D-4846-9D1B-A66B858DA755}.Debug|Posix.Build.0 = Debug|Any CPU
		{6BCE712F-846D-4846-9D1B-A66B858DA755}.Debug|Windows.ActiveCfg = Debug|Any CPU
		{6BCE712F-846D-4846-9D1B-A66B858DA755}.Debug|Windows.Build.0 = Debug|Any CPU
		{6BCE712F-846D-4846-9D1B-A66B858DA755}.Release|Any CPU.ActiveCfg = Release|Any CPU
		{6BCE712F-846D-4846-9D1B-A66B858DA755}.Release|Any CPU.Build.0 = Release|Any CPU
		{6BCE712F-846D-4846-9D1B-A66B858DA755}.Release|Posix.ActiveCfg = Release|Any CPU
		{6BCE712F-846D-4846-9D1B-A66B858DA755}.Release|Posix.Build.0 = Release|Any CPU
		{6BCE712F-846D-4846-9D1B-A66B858DA755}.Release|Windows.ActiveCfg = Release|Any CPU
		{6BCE712F-846D-4846-9D1B-A66B858DA755}.Release|Windows.Build.0 = Release|Any CPU
		{700D0B95-95CD-43F3-B6C9-FAA0FC1358D4}.Debug|Any CPU.ActiveCfg = Debug|Any CPU
		{700D0B95-95CD-43F3-B6C9-FAA0FC1358D4}.Debug|Any CPU.Build.0 = Debug|Any CPU
		{700D0B95-95CD-43F3-B6C9-FAA0FC1358D4}.Debug|Posix.ActiveCfg = Debug|Any CPU
		{700D0B95-95CD-43F3-B6C9-FAA0FC1358D4}.Debug|Posix.Build.0 = Debug|Any CPU
		{700D0B95-95CD-43F3-B6C9-FAA0FC1358D4}.Debug|Windows.ActiveCfg = Debug|Any CPU
		{700D0B95-95CD-43F3-B6C9-FAA0FC1358D4}.Debug|Windows.Build.0 = Debug|Any CPU
		{700D0B95-95CD-43F3-B6C9-FAA0FC1358D4}.Release|Any CPU.ActiveCfg = Release|Any CPU
		{700D0B95-95CD-43F3-B6C9-FAA0FC1358D4}.Release|Any CPU.Build.0 = Release|Any CPU
		{700D0B95-95CD-43F3-B6C9-FAA0FC1358D4}.Release|Posix.ActiveCfg = Release|Any CPU
		{700D0B95-95CD-43F3-B6C9-FAA0FC1358D4}.Release|Posix.Build.0 = Release|Any CPU
		{700D0B95-95CD-43F3-B6C9-FAA0FC1358D4}.Release|Windows.ActiveCfg = Release|Any CPU
		{700D0B95-95CD-43F3-B6C9-FAA0FC1358D4}.Release|Windows.Build.0 = Release|Any CPU
		{FF5EE3B6-913B-47CE-9CEB-11C51B4E1205}.Debug|Any CPU.ActiveCfg = Debug|Any CPU
		{FF5EE3B6-913B-47CE-9CEB-11C51B4E1205}.Debug|Any CPU.Build.0 = Debug|Any CPU
		{FF5EE3B6-913B-47CE-9CEB-11C51B4E1205}.Debug|Posix.ActiveCfg = Debug|Any CPU
		{FF5EE3B6-913B-47CE-9CEB-11C51B4E1205}.Debug|Posix.Build.0 = Debug|Any CPU
		{FF5EE3B6-913B-47CE-9CEB-11C51B4E1205}.Debug|Windows.ActiveCfg = Debug|Any CPU
		{FF5EE3B6-913B-47CE-9CEB-11C51B4E1205}.Debug|Windows.Build.0 = Debug|Any CPU
		{FF5EE3B6-913B-47CE-9CEB-11C51B4E1205}.Release|Any CPU.ActiveCfg = Release|Any CPU
		{FF5EE3B6-913B-47CE-9CEB-11C51B4E1205}.Release|Any CPU.Build.0 = Release|Any CPU
		{FF5EE3B6-913B-47CE-9CEB-11C51B4E1205}.Release|Posix.ActiveCfg = Release|Any CPU
		{FF5EE3B6-913B-47CE-9CEB-11C51B4E1205}.Release|Posix.Build.0 = Release|Any CPU
		{FF5EE3B6-913B-47CE-9CEB-11C51B4E1205}.Release|Windows.ActiveCfg = Release|Any CPU
		{FF5EE3B6-913B-47CE-9CEB-11C51B4E1205}.Release|Windows.Build.0 = Release|Any CPU
		{4CCC53CD-8D5E-4CC4-97D2-5C9312AC2BD7}.Debug|Any CPU.ActiveCfg = Debug|Any CPU
		{4CCC53CD-8D5E-4CC4-97D2-5C9312AC2BD7}.Debug|Any CPU.Build.0 = Debug|Any CPU
		{4CCC53CD-8D5E-4CC4-97D2-5C9312AC2BD7}.Debug|Posix.ActiveCfg = Debug|Any CPU
		{4CCC53CD-8D5E-4CC4-97D2-5C9312AC2BD7}.Debug|Posix.Build.0 = Debug|Any CPU
		{4CCC53CD-8D5E-4CC4-97D2-5C9312AC2BD7}.Debug|Windows.ActiveCfg = Debug|Any CPU
		{4CCC53CD-8D5E-4CC4-97D2-5C9312AC2BD7}.Debug|Windows.Build.0 = Debug|Any CPU
		{4CCC53CD-8D5E-4CC4-97D2-5C9312AC2BD7}.Release|Any CPU.ActiveCfg = Release|Any CPU
		{4CCC53CD-8D5E-4CC4-97D2-5C9312AC2BD7}.Release|Any CPU.Build.0 = Release|Any CPU
		{4CCC53CD-8D5E-4CC4-97D2-5C9312AC2BD7}.Release|Posix.ActiveCfg = Release|Any CPU
		{4CCC53CD-8D5E-4CC4-97D2-5C9312AC2BD7}.Release|Posix.Build.0 = Release|Any CPU
		{4CCC53CD-8D5E-4CC4-97D2-5C9312AC2BD7}.Release|Windows.ActiveCfg = Release|Any CPU
		{4CCC53CD-8D5E-4CC4-97D2-5C9312AC2BD7}.Release|Windows.Build.0 = Release|Any CPU
		{F2BE0FDF-6E47-4827-A420-DD4EF82407F8}.Debug|Any CPU.ActiveCfg = Debug|Any CPU
		{F2BE0FDF-6E47-4827-A420-DD4EF82407F8}.Debug|Any CPU.Build.0 = Debug|Any CPU
		{F2BE0FDF-6E47-4827-A420-DD4EF82407F8}.Debug|Posix.ActiveCfg = Debug|Any CPU
		{F2BE0FDF-6E47-4827-A420-DD4EF82407F8}.Debug|Posix.Build.0 = Debug|Any CPU
		{F2BE0FDF-6E47-4827-A420-DD4EF82407F8}.Debug|Windows.ActiveCfg = Debug|Any CPU
		{F2BE0FDF-6E47-4827-A420-DD4EF82407F8}.Debug|Windows.Build.0 = Debug|Any CPU
		{F2BE0FDF-6E47-4827-A420-DD4EF82407F8}.Release|Any CPU.ActiveCfg = Release|Any CPU
		{F2BE0FDF-6E47-4827-A420-DD4EF82407F8}.Release|Any CPU.Build.0 = Release|Any CPU
		{F2BE0FDF-6E47-4827-A420-DD4EF82407F8}.Release|Posix.ActiveCfg = Release|Any CPU
		{F2BE0FDF-6E47-4827-A420-DD4EF82407F8}.Release|Posix.Build.0 = Release|Any CPU
		{F2BE0FDF-6E47-4827-A420-DD4EF82407F8}.Release|Windows.ActiveCfg = Release|Any CPU
		{F2BE0FDF-6E47-4827-A420-DD4EF82407F8}.Release|Windows.Build.0 = Release|Any CPU
		{95C11A9E-56ED-456A-8447-2C89C1139266}.Debug|Any CPU.ActiveCfg = Debug|Any CPU
		{95C11A9E-56ED-456A-8447-2C89C1139266}.Debug|Any CPU.Build.0 = Debug|Any CPU
		{95C11A9E-56ED-456A-8447-2C89C1139266}.Debug|Posix.ActiveCfg = Debug|Any CPU
		{95C11A9E-56ED-456A-8447-2C89C1139266}.Debug|Posix.Build.0 = Debug|Any CPU
		{95C11A9E-56ED-456A-8447-2C89C1139266}.Debug|Windows.ActiveCfg = Debug|Any CPU
		{95C11A9E-56ED-456A-8447-2C89C1139266}.Debug|Windows.Build.0 = Debug|Any CPU
		{95C11A9E-56ED-456A-8447-2C89C1139266}.Release|Any CPU.ActiveCfg = Release|Any CPU
		{95C11A9E-56ED-456A-8447-2C89C1139266}.Release|Any CPU.Build.0 = Release|Any CPU
		{95C11A9E-56ED-456A-8447-2C89C1139266}.Release|Posix.ActiveCfg = Release|Any CPU
		{95C11A9E-56ED-456A-8447-2C89C1139266}.Release|Posix.Build.0 = Release|Any CPU
		{95C11A9E-56ED-456A-8447-2C89C1139266}.Release|Windows.ActiveCfg = Release|Any CPU
		{95C11A9E-56ED-456A-8447-2C89C1139266}.Release|Windows.Build.0 = Release|Any CPU
		{D12F7F2F-8A3C-415F-88FA-6DD061A84869}.Debug|Any CPU.ActiveCfg = Debug|Any CPU
		{D12F7F2F-8A3C-415F-88FA-6DD061A84869}.Debug|Any CPU.Build.0 = Debug|Any CPU
		{D12F7F2F-8A3C-415F-88FA-6DD061A84869}.Debug|Posix.ActiveCfg = Debug|Any CPU
		{D12F7F2F-8A3C-415F-88FA-6DD061A84869}.Debug|Windows.ActiveCfg = Debug|Any CPU
		{D12F7F2F-8A3C-415F-88FA-6DD061A84869}.Debug|Windows.Build.0 = Debug|Any CPU
		{D12F7F2F-8A3C-415F-88FA-6DD061A84869}.Release|Any CPU.ActiveCfg = Release|Any CPU
		{D12F7F2F-8A3C-415F-88FA-6DD061A84869}.Release|Any CPU.Build.0 = Release|Any CPU
		{D12F7F2F-8A3C-415F-88FA-6DD061A84869}.Release|Posix.ActiveCfg = Release|Any CPU
		{D12F7F2F-8A3C-415F-88FA-6DD061A84869}.Release|Windows.ActiveCfg = Release|Any CPU
		{D12F7F2F-8A3C-415F-88FA-6DD061A84869}.Release|Windows.Build.0 = Release|Any CPU
		{7C2CC69F-5CA0-4E5C-85CB-983F9F6C3B36}.Debug|Any CPU.ActiveCfg = Debug|Any CPU
		{7C2CC69F-5CA0-4E5C-85CB-983F9F6C3B36}.Debug|Any CPU.Build.0 = Debug|Any CPU
		{7C2CC69F-5CA0-4E5C-85CB-983F9F6C3B36}.Debug|Posix.ActiveCfg = Debug|Any CPU
		{7C2CC69F-5CA0-4E5C-85CB-983F9F6C3B36}.Debug|Posix.Build.0 = Debug|Any CPU
		{7C2CC69F-5CA0-4E5C-85CB-983F9F6C3B36}.Debug|Windows.ActiveCfg = Debug|Any CPU
		{7C2CC69F-5CA0-4E5C-85CB-983F9F6C3B36}.Debug|Windows.Build.0 = Debug|Any CPU
		{7C2CC69F-5CA0-4E5C-85CB-983F9F6C3B36}.Release|Any CPU.ActiveCfg = Release|Any CPU
		{7C2CC69F-5CA0-4E5C-85CB-983F9F6C3B36}.Release|Any CPU.Build.0 = Release|Any CPU
		{7C2CC69F-5CA0-4E5C-85CB-983F9F6C3B36}.Release|Posix.ActiveCfg = Release|Any CPU
		{7C2CC69F-5CA0-4E5C-85CB-983F9F6C3B36}.Release|Posix.Build.0 = Release|Any CPU
		{7C2CC69F-5CA0-4E5C-85CB-983F9F6C3B36}.Release|Windows.ActiveCfg = Release|Any CPU
		{7C2CC69F-5CA0-4E5C-85CB-983F9F6C3B36}.Release|Windows.Build.0 = Release|Any CPU
		{80B51429-7A0E-46D6-BEE3-C80DCB1C4EAA}.Debug|Any CPU.ActiveCfg = Debug|Any CPU
		{80B51429-7A0E-46D6-BEE3-C80DCB1C4EAA}.Debug|Any CPU.Build.0 = Debug|Any CPU
		{80B51429-7A0E-46D6-BEE3-C80DCB1C4EAA}.Debug|Posix.ActiveCfg = Debug|Any CPU
		{80B51429-7A0E-46D6-BEE3-C80DCB1C4EAA}.Debug|Posix.Build.0 = Debug|Any CPU
		{80B51429-7A0E-46D6-BEE3-C80DCB1C4EAA}.Debug|Windows.ActiveCfg = Debug|Any CPU
		{80B51429-7A0E-46D6-BEE3-C80DCB1C4EAA}.Debug|Windows.Build.0 = Debug|Any CPU
		{80B51429-7A0E-46D6-BEE3-C80DCB1C4EAA}.Release|Any CPU.ActiveCfg = Release|Any CPU
		{80B51429-7A0E-46D6-BEE3-C80DCB1C4EAA}.Release|Any CPU.Build.0 = Release|Any CPU
		{80B51429-7A0E-46D6-BEE3-C80DCB1C4EAA}.Release|Posix.ActiveCfg = Release|Any CPU
		{80B51429-7A0E-46D6-BEE3-C80DCB1C4EAA}.Release|Posix.Build.0 = Release|Any CPU
		{80B51429-7A0E-46D6-BEE3-C80DCB1C4EAA}.Release|Windows.ActiveCfg = Release|Any CPU
		{80B51429-7A0E-46D6-BEE3-C80DCB1C4EAA}.Release|Windows.Build.0 = Release|Any CPU
		{40D72824-7D02-4A77-9106-8FE0EEA2B997}.Debug|Any CPU.ActiveCfg = Debug|Any CPU
		{40D72824-7D02-4A77-9106-8FE0EEA2B997}.Debug|Any CPU.Build.0 = Debug|Any CPU
		{40D72824-7D02-4A77-9106-8FE0EEA2B997}.Debug|Posix.ActiveCfg = Debug|Any CPU
		{40D72824-7D02-4A77-9106-8FE0EEA2B997}.Debug|Posix.Build.0 = Debug|Any CPU
		{40D72824-7D02-4A77-9106-8FE0EEA2B997}.Debug|Windows.ActiveCfg = Debug|Any CPU
		{40D72824-7D02-4A77-9106-8FE0EEA2B997}.Debug|Windows.Build.0 = Debug|Any CPU
		{40D72824-7D02-4A77-9106-8FE0EEA2B997}.Release|Any CPU.ActiveCfg = Release|Any CPU
		{40D72824-7D02-4A77-9106-8FE0EEA2B997}.Release|Any CPU.Build.0 = Release|Any CPU
		{40D72824-7D02-4A77-9106-8FE0EEA2B997}.Release|Posix.ActiveCfg = Release|Any CPU
		{40D72824-7D02-4A77-9106-8FE0EEA2B997}.Release|Posix.Build.0 = Release|Any CPU
		{40D72824-7D02-4A77-9106-8FE0EEA2B997}.Release|Windows.ActiveCfg = Release|Any CPU
		{40D72824-7D02-4A77-9106-8FE0EEA2B997}.Release|Windows.Build.0 = Release|Any CPU
		{7140FF1F-79BE-492F-9188-B21A050BF708}.Debug|Any CPU.ActiveCfg = Debug|Any CPU
		{7140FF1F-79BE-492F-9188-B21A050BF708}.Debug|Any CPU.Build.0 = Debug|Any CPU
		{7140FF1F-79BE-492F-9188-B21A050BF708}.Debug|Posix.ActiveCfg = Debug|Any CPU
		{7140FF1F-79BE-492F-9188-B21A050BF708}.Debug|Posix.Build.0 = Debug|Any CPU
		{7140FF1F-79BE-492F-9188-B21A050BF708}.Debug|Windows.ActiveCfg = Debug|Any CPU
		{7140FF1F-79BE-492F-9188-B21A050BF708}.Debug|Windows.Build.0 = Debug|Any CPU
		{7140FF1F-79BE-492F-9188-B21A050BF708}.Release|Any CPU.ActiveCfg = Release|Any CPU
		{7140FF1F-79BE-492F-9188-B21A050BF708}.Release|Any CPU.Build.0 = Release|Any CPU
		{7140FF1F-79BE-492F-9188-B21A050BF708}.Release|Posix.ActiveCfg = Release|Any CPU
		{7140FF1F-79BE-492F-9188-B21A050BF708}.Release|Posix.Build.0 = Release|Any CPU
		{7140FF1F-79BE-492F-9188-B21A050BF708}.Release|Windows.ActiveCfg = Release|Any CPU
		{7140FF1F-79BE-492F-9188-B21A050BF708}.Release|Windows.Build.0 = Release|Any CPU
		{5370BFF7-1BD7-46BC-AF06-7D9EA5CDA1D6}.Debug|Any CPU.ActiveCfg = Debug|Any CPU
		{5370BFF7-1BD7-46BC-AF06-7D9EA5CDA1D6}.Debug|Any CPU.Build.0 = Debug|Any CPU
		{5370BFF7-1BD7-46BC-AF06-7D9EA5CDA1D6}.Debug|Posix.ActiveCfg = Debug|Any CPU
		{5370BFF7-1BD7-46BC-AF06-7D9EA5CDA1D6}.Debug|Posix.Build.0 = Debug|Any CPU
		{5370BFF7-1BD7-46BC-AF06-7D9EA5CDA1D6}.Debug|Windows.ActiveCfg = Debug|Any CPU
		{5370BFF7-1BD7-46BC-AF06-7D9EA5CDA1D6}.Debug|Windows.Build.0 = Debug|Any CPU
		{5370BFF7-1BD7-46BC-AF06-7D9EA5CDA1D6}.Release|Any CPU.ActiveCfg = Release|Any CPU
		{5370BFF7-1BD7-46BC-AF06-7D9EA5CDA1D6}.Release|Any CPU.Build.0 = Release|Any CPU
		{5370BFF7-1BD7-46BC-AF06-7D9EA5CDA1D6}.Release|Posix.ActiveCfg = Release|Any CPU
		{5370BFF7-1BD7-46BC-AF06-7D9EA5CDA1D6}.Release|Posix.Build.0 = Release|Any CPU
		{5370BFF7-1BD7-46BC-AF06-7D9EA5CDA1D6}.Release|Windows.ActiveCfg = Release|Any CPU
		{5370BFF7-1BD7-46BC-AF06-7D9EA5CDA1D6}.Release|Windows.Build.0 = Release|Any CPU
		{C0EA1A40-91AD-4EEB-BD16-2DDDEBD20AE5}.Debug|Any CPU.ActiveCfg = Debug|Any CPU
		{C0EA1A40-91AD-4EEB-BD16-2DDDEBD20AE5}.Debug|Any CPU.Build.0 = Debug|Any CPU
		{C0EA1A40-91AD-4EEB-BD16-2DDDEBD20AE5}.Debug|Posix.ActiveCfg = Debug|Any CPU
		{C0EA1A40-91AD-4EEB-BD16-2DDDEBD20AE5}.Debug|Posix.Build.0 = Debug|Any CPU
		{C0EA1A40-91AD-4EEB-BD16-2DDDEBD20AE5}.Debug|Windows.ActiveCfg = Debug|Any CPU
		{C0EA1A40-91AD-4EEB-BD16-2DDDEBD20AE5}.Debug|Windows.Build.0 = Debug|Any CPU
		{C0EA1A40-91AD-4EEB-BD16-2DDDEBD20AE5}.Release|Any CPU.ActiveCfg = Release|Any CPU
		{C0EA1A40-91AD-4EEB-BD16-2DDDEBD20AE5}.Release|Any CPU.Build.0 = Release|Any CPU
		{C0EA1A40-91AD-4EEB-BD16-2DDDEBD20AE5}.Release|Posix.ActiveCfg = Release|Any CPU
		{C0EA1A40-91AD-4EEB-BD16-2DDDEBD20AE5}.Release|Posix.Build.0 = Release|Any CPU
		{C0EA1A40-91AD-4EEB-BD16-2DDDEBD20AE5}.Release|Windows.ActiveCfg = Release|Any CPU
		{C0EA1A40-91AD-4EEB-BD16-2DDDEBD20AE5}.Release|Windows.Build.0 = Release|Any CPU
		{F3F63718-63C6-432F-BDDC-C960AD95EC82}.Debug|Any CPU.ActiveCfg = Debug|Any CPU
		{F3F63718-63C6-432F-BDDC-C960AD95EC82}.Debug|Any CPU.Build.0 = Debug|Any CPU
		{F3F63718-63C6-432F-BDDC-C960AD95EC82}.Debug|Posix.ActiveCfg = Debug|Any CPU
		{F3F63718-63C6-432F-BDDC-C960AD95EC82}.Debug|Posix.Build.0 = Debug|Any CPU
		{F3F63718-63C6-432F-BDDC-C960AD95EC82}.Debug|Windows.ActiveCfg = Debug|Any CPU
		{F3F63718-63C6-432F-BDDC-C960AD95EC82}.Debug|Windows.Build.0 = Debug|Any CPU
		{F3F63718-63C6-432F-BDDC-C960AD95EC82}.Release|Any CPU.ActiveCfg = Release|Any CPU
		{F3F63718-63C6-432F-BDDC-C960AD95EC82}.Release|Any CPU.Build.0 = Release|Any CPU
		{F3F63718-63C6-432F-BDDC-C960AD95EC82}.Release|Posix.ActiveCfg = Release|Any CPU
		{F3F63718-63C6-432F-BDDC-C960AD95EC82}.Release|Posix.Build.0 = Release|Any CPU
		{F3F63718-63C6-432F-BDDC-C960AD95EC82}.Release|Windows.ActiveCfg = Release|Any CPU
		{F3F63718-63C6-432F-BDDC-C960AD95EC82}.Release|Windows.Build.0 = Release|Any CPU
		{22F71728-AB73-4774-8DC2-6D2D7734AE0C}.Debug|Any CPU.ActiveCfg = Debug|Any CPU
		{22F71728-AB73-4774-8DC2-6D2D7734AE0C}.Debug|Any CPU.Build.0 = Debug|Any CPU
		{22F71728-AB73-4774-8DC2-6D2D7734AE0C}.Debug|Posix.ActiveCfg = Debug|Any CPU
		{22F71728-AB73-4774-8DC2-6D2D7734AE0C}.Debug|Posix.Build.0 = Debug|Any CPU
		{22F71728-AB73-4774-8DC2-6D2D7734AE0C}.Debug|Windows.ActiveCfg = Debug|Any CPU
		{22F71728-AB73-4774-8DC2-6D2D7734AE0C}.Debug|Windows.Build.0 = Debug|Any CPU
		{22F71728-AB73-4774-8DC2-6D2D7734AE0C}.Release|Any CPU.ActiveCfg = Release|Any CPU
		{22F71728-AB73-4774-8DC2-6D2D7734AE0C}.Release|Any CPU.Build.0 = Release|Any CPU
		{22F71728-AB73-4774-8DC2-6D2D7734AE0C}.Release|Posix.ActiveCfg = Release|Any CPU
		{22F71728-AB73-4774-8DC2-6D2D7734AE0C}.Release|Posix.Build.0 = Release|Any CPU
		{22F71728-AB73-4774-8DC2-6D2D7734AE0C}.Release|Windows.ActiveCfg = Release|Any CPU
		{22F71728-AB73-4774-8DC2-6D2D7734AE0C}.Release|Windows.Build.0 = Release|Any CPU
		{4AE3B731-442E-4AF0-88A5-9FABEB685A0D}.Debug|Any CPU.ActiveCfg = Debug|Any CPU
		{4AE3B731-442E-4AF0-88A5-9FABEB685A0D}.Debug|Any CPU.Build.0 = Debug|Any CPU
		{4AE3B731-442E-4AF0-88A5-9FABEB685A0D}.Debug|Posix.ActiveCfg = Debug|Any CPU
		{4AE3B731-442E-4AF0-88A5-9FABEB685A0D}.Debug|Posix.Build.0 = Debug|Any CPU
		{4AE3B731-442E-4AF0-88A5-9FABEB685A0D}.Debug|Windows.ActiveCfg = Debug|Any CPU
		{4AE3B731-442E-4AF0-88A5-9FABEB685A0D}.Debug|Windows.Build.0 = Debug|Any CPU
		{4AE3B731-442E-4AF0-88A5-9FABEB685A0D}.Release|Any CPU.ActiveCfg = Release|Any CPU
		{4AE3B731-442E-4AF0-88A5-9FABEB685A0D}.Release|Any CPU.Build.0 = Release|Any CPU
		{4AE3B731-442E-4AF0-88A5-9FABEB685A0D}.Release|Posix.ActiveCfg = Release|Any CPU
		{4AE3B731-442E-4AF0-88A5-9FABEB685A0D}.Release|Posix.Build.0 = Release|Any CPU
		{4AE3B731-442E-4AF0-88A5-9FABEB685A0D}.Release|Windows.ActiveCfg = Release|Any CPU
		{4AE3B731-442E-4AF0-88A5-9FABEB685A0D}.Release|Windows.Build.0 = Release|Any CPU
	EndGlobalSection
	GlobalSection(SolutionProperties) = preSolution
		HideSolutionNode = FALSE
	EndGlobalSection
	GlobalSection(NestedProjects) = preSolution
		{3DCA7B58-B8B3-49AC-9D9E-56F4A0460976} = {486ADF86-DD89-4E19-B805-9D94F19800D9}
		{47697CDB-27B6-4B05-B4F8-0CBE6F6EDF97} = {57A04B72-8088-4F75-A582-1158CF8291F7}
		{FAFB5948-A222-4CF6-AD14-026BE7564802} = {47697CDB-27B6-4B05-B4F8-0CBE6F6EDF97}
		{CADDFCE0-7509-4430-8364-2074E1EEFCA2} = {47697CDB-27B6-4B05-B4F8-0CBE6F6EDF97}
		{193ADD3B-792B-4173-8E4C-5A3F8F0237F0} = {57A04B72-8088-4F75-A582-1158CF8291F7}
		{35388E8E-0CDB-4A84-AD16-E4B6EFDA5D97} = {57A04B72-8088-4F75-A582-1158CF8291F7}
		{BEC74619-DDBB-4FBA-B517-D3E20AFC9997} = {57A04B72-8088-4F75-A582-1158CF8291F7}
		{D18A5DEB-5102-4775-A1AF-B75DAAA8907B} = {57A04B72-8088-4F75-A582-1158CF8291F7}
		{CBF6B8B0-A015-413A-8C86-01238BB45770} = {57A04B72-8088-4F75-A582-1158CF8291F7}
		{8CEFECD0-A6C2-498F-98B1-3FBE5820F9AB} = {57A04B72-8088-4F75-A582-1158CF8291F7}
		{CC26800D-F67E-464B-88DE-8EB1A0C227A3} = {57A04B72-8088-4F75-A582-1158CF8291F7}
		{6BCE712F-846D-4846-9D1B-A66B858DA755} = {F9E67978-5CD6-4A5F-827B-4249711C0B02}
		{700D0B95-95CD-43F3-B6C9-FAA0FC1358D4} = {F9E67978-5CD6-4A5F-827B-4249711C0B02}
		{4CCC53CD-8D5E-4CC4-97D2-5C9312AC2BD7} = {F9E67978-5CD6-4A5F-827B-4249711C0B02}
		{95C11A9E-56ED-456A-8447-2C89C1139266} = {486ADF86-DD89-4E19-B805-9D94F19800D9}
		{D12F7F2F-8A3C-415F-88FA-6DD061A84869} = {486ADF86-DD89-4E19-B805-9D94F19800D9}
		{4EACDBBC-BCD7-4765-A57B-3E08331E4749} = {57A04B72-8088-4F75-A582-1158CF8291F7}
		{80B51429-7A0E-46D6-BEE3-C80DCB1C4EAA} = {4EACDBBC-BCD7-4765-A57B-3E08331E4749}
		{40D72824-7D02-4A77-9106-8FE0EEA2B997} = {4EACDBBC-BCD7-4765-A57B-3E08331E4749}
		{C0EA1A40-91AD-4EEB-BD16-2DDDEBD20AE5} = {57A04B72-8088-4F75-A582-1158CF8291F7}
		{F3F63718-63C6-432F-BDDC-C960AD95EC82} = {0F0D4998-8F5D-4467-A909-BB192C4B3B4B}
		{22F71728-AB73-4774-8DC2-6D2D7734AE0C} = {0F0D4998-8F5D-4467-A909-BB192C4B3B4B}
		{4AE3B731-442E-4AF0-88A5-9FABEB685A0D} = {0F0D4998-8F5D-4467-A909-BB192C4B3B4B}
	EndGlobalSection
	GlobalSection(ExtensibilityGlobals) = postSolution
		SolutionGuid = {91FE4218-27B4-4778-A3AF-1A8A569E0B70}
	EndGlobalSection
	GlobalSection(JSLint) = preSolution
		SolutionConfigurationLocation = JSLintOptions.xml
	EndGlobalSection
EndGlobal
