
Microsoft Visual Studio Solution File, Format Version 12.00
# Visual Studio 15
VisualStudioVersion = 15.0.27130.2010
MinimumVisualStudioVersion = 10.0.40219.1
Project("{FAE04EC0-301F-11D3-BF4B-00C04F79EFBC}") = "NzbDrone.Console", "NzbDrone.Console\NzbDrone.Console.csproj", "{3DCA7B58-B8B3-49AC-9D9E-56F4A0460976}"
	ProjectSection(ProjectDependencies) = postProject
		{7140FF1F-79BE-492F-9188-B21A050BF708} = {7140FF1F-79BE-492F-9188-B21A050BF708}
		{15AD7579-A314-4626-B556-663F51D97CD1} = {15AD7579-A314-4626-B556-663F51D97CD1}
		{7C2CC69F-5CA0-4E5C-85CB-983F9F6C3B36} = {7C2CC69F-5CA0-4E5C-85CB-983F9F6C3B36}
		{FF5EE3B6-913B-47CE-9CEB-11C51B4E1205} = {FF5EE3B6-913B-47CE-9CEB-11C51B4E1205}
		{911284D3-F130-459E-836C-2430B6FBF21D} = {911284D3-F130-459E-836C-2430B6FBF21D}
		{5370BFF7-1BD7-46BC-AF06-7D9EA5CDA1D6} = {5370BFF7-1BD7-46BC-AF06-7D9EA5CDA1D6}
		{FD286DF8-2D3A-4394-8AD5-443FADE55FB2} = {FD286DF8-2D3A-4394-8AD5-443FADE55FB2}
	EndProjectSection
EndProject
Project("{2150E333-8FDC-42A3-9474-1A3956D46DE8}") = "Tests", "Tests", "{57A04B72-8088-4F75-A582-1158CF8291F7}"
EndProject
Project("{2150E333-8FDC-42A3-9474-1A3956D46DE8}") = "Test.Common", "Test.Common", "{47697CDB-27B6-4B05-B4F8-0CBE6F6EDF97}"
EndProject
Project("{FAE04EC0-301F-11D3-BF4B-00C04F79EFBC}") = "NzbDrone.Test.Dummy", "NzbDrone.Test.Dummy\NzbDrone.Test.Dummy.csproj", "{FAFB5948-A222-4CF6-AD14-026BE7564802}"
EndProject
Project("{FAE04EC0-301F-11D3-BF4B-00C04F79EFBC}") = "NzbDrone.Test.Common", "NzbDrone.Test.Common\NzbDrone.Test.Common.csproj", "{CADDFCE0-7509-4430-8364-2074E1EEFCA2}"
EndProject
Project("{FAE04EC0-301F-11D3-BF4B-00C04F79EFBC}") = "NzbDrone.Core.Test", "NzbDrone.Core.Test\NzbDrone.Core.Test.csproj", "{193ADD3B-792B-4173-8E4C-5A3F8F0237F0}"
EndProject
Project("{FAE04EC0-301F-11D3-BF4B-00C04F79EFBC}") = "NzbDrone.Host.Test", "NzbDrone.App.Test\NzbDrone.Host.Test.csproj", "{C0EA1A40-91AD-4EEB-BD16-2DDDEBD20AE5}"
EndProject
Project("{FAE04EC0-301F-11D3-BF4B-00C04F79EFBC}") = "NzbDrone.Update.Test", "NzbDrone.Update.Test\NzbDrone.Update.Test.csproj", "{35388E8E-0CDB-4A84-AD16-E4B6EFDA5D97}"
EndProject
Project("{FAE04EC0-301F-11D3-BF4B-00C04F79EFBC}") = "NzbDrone.Common.Test", "NzbDrone.Common.Test\NzbDrone.Common.Test.csproj", "{BEC74619-DDBB-4FBA-B517-D3E20AFC9997}"
EndProject
Project("{FAE04EC0-301F-11D3-BF4B-00C04F79EFBC}") = "NzbDrone.Api.Test", "NzbDrone.Api.Test\NzbDrone.Api.Test.csproj", "{D18A5DEB-5102-4775-A1AF-B75DAAA8907B}"
EndProject
Project("{FAE04EC0-301F-11D3-BF4B-00C04F79EFBC}") = "NzbDrone.Libraries.Test", "NzbDrone.Libraries.Test\NzbDrone.Libraries.Test.csproj", "{CBF6B8B0-A015-413A-8C86-01238BB45770}"
EndProject
Project("{FAE04EC0-301F-11D3-BF4B-00C04F79EFBC}") = "NzbDrone.Integration.Test", "NzbDrone.Integration.Test\NzbDrone.Integration.Test.csproj", "{8CEFECD0-A6C2-498F-98B1-3FBE5820F9AB}"
EndProject
Project("{FAE04EC0-301F-11D3-BF4B-00C04F79EFBC}") = "NzbDrone.Automation.Test", "NzbDrone.Automation.Test\NzbDrone.Automation.Test.csproj", "{CC26800D-F67E-464B-88DE-8EB1A0C227A3}"
EndProject
Project("{2150E333-8FDC-42A3-9474-1A3956D46DE8}") = "WindowsServiceHelpers", "WindowsServiceHelpers", "{F9E67978-5CD6-4A5F-827B-4249711C0B02}"
EndProject
Project("{FAE04EC0-301F-11D3-BF4B-00C04F79EFBC}") = "ServiceInstall", "ServiceHelpers\ServiceInstall\ServiceInstall.csproj", "{6BCE712F-846D-4846-9D1B-A66B858DA755}"
EndProject
Project("{FAE04EC0-301F-11D3-BF4B-00C04F79EFBC}") = "ServiceUninstall", "ServiceHelpers\ServiceUninstall\ServiceUninstall.csproj", "{700D0B95-95CD-43F3-B6C9-FAA0FC1358D4}"
EndProject
Project("{FAE04EC0-301F-11D3-BF4B-00C04F79EFBC}") = "NzbDrone.Core", "NzbDrone.Core\NzbDrone.Core.csproj", "{FF5EE3B6-913B-47CE-9CEB-11C51B4E1205}"
EndProject
Project("{FAE04EC0-301F-11D3-BF4B-00C04F79EFBC}") = "NzbDrone.Update", "NzbDrone.Update\NzbDrone.Update.csproj", "{4CCC53CD-8D5E-4CC4-97D2-5C9312AC2BD7}"
EndProject
Project("{FAE04EC0-301F-11D3-BF4B-00C04F79EFBC}") = "NzbDrone.Common", "NzbDrone.Common\NzbDrone.Common.csproj", "{F2BE0FDF-6E47-4827-A420-DD4EF82407F8}"
	ProjectSection(ProjectDependencies) = postProject
		{9DC31DE3-79FF-47A8-96B4-6BA18F6BB1CB} = {9DC31DE3-79FF-47A8-96B4-6BA18F6BB1CB}
	EndProjectSection
EndProject
Project("{2150E333-8FDC-42A3-9474-1A3956D46DE8}") = ".nuget", ".nuget", "{1E6B3CBE-1578-41C1-9BF9-78D818740BE9}"
	ProjectSection(SolutionItems) = preProject
		.nuget\NuGet.exe = .nuget\NuGet.exe
	EndProjectSection
EndProject
Project("{FAE04EC0-301F-11D3-BF4B-00C04F79EFBC}") = "NzbDrone.Api", "NzbDrone.Api\NzbDrone.Api.csproj", "{FD286DF8-2D3A-4394-8AD5-443FADE55FB2}"
EndProject
Project("{2150E333-8FDC-42A3-9474-1A3956D46DE8}") = "Host", "Host", "{486ADF86-DD89-4E19-B805-9D94F19800D9}"
EndProject
Project("{FAE04EC0-301F-11D3-BF4B-00C04F79EFBC}") = "NzbDrone.Host", "NzbDrone.Host\NzbDrone.Host.csproj", "{95C11A9E-56ED-456A-8447-2C89C1139266}"
EndProject
Project("{FAE04EC0-301F-11D3-BF4B-00C04F79EFBC}") = "NzbDrone", "NzbDrone\NzbDrone.csproj", "{D12F7F2F-8A3C-415F-88FA-6DD061A84869}"
EndProject
Project("{FAE04EC0-301F-11D3-BF4B-00C04F79EFBC}") = "NzbDrone.SignalR", "NzbDrone.SignalR\NzbDrone.SignalR.csproj", "{7C2CC69F-5CA0-4E5C-85CB-983F9F6C3B36}"
EndProject
Project("{2150E333-8FDC-42A3-9474-1A3956D46DE8}") = "External", "External", "{F6E3A728-AE77-4D02-BAC8-82FBC1402DDA}"
EndProject
Project("{FAE04EC0-301F-11D3-BF4B-00C04F79EFBC}") = "Marr.Data", "Marr.Data\Marr.Data.csproj", "{F6FC6BE7-0847-4817-A1ED-223DC647C3D7}"
EndProject
Project("{FAE04EC0-301F-11D3-BF4B-00C04F79EFBC}") = "NzbDrone.Mono", "NzbDrone.Mono\NzbDrone.Mono.csproj", "{15AD7579-A314-4626-B556-663F51D97CD1}"
EndProject
Project("{FAE04EC0-301F-11D3-BF4B-00C04F79EFBC}") = "NzbDrone.Windows", "NzbDrone.Windows\NzbDrone.Windows.csproj", "{911284D3-F130-459E-836C-2430B6FBF21D}"
EndProject
Project("{2150E333-8FDC-42A3-9474-1A3956D46DE8}") = "Platform", "Platform", "{0F0D4998-8F5D-4467-A909-BB192C4B3B4B}"
EndProject
Project("{2150E333-8FDC-42A3-9474-1A3956D46DE8}") = "Platform", "Platform", "{4EACDBBC-BCD7-4765-A57B-3E08331E4749}"
EndProject
Project("{FAE04EC0-301F-11D3-BF4B-00C04F79EFBC}") = "NzbDrone.Windows.Test", "NzbDrone.Windows.Test\NzbDrone.Windows.Test.csproj", "{80B51429-7A0E-46D6-BEE3-C80DCB1C4EAA}"
EndProject
Project("{FAE04EC0-301F-11D3-BF4B-00C04F79EFBC}") = "NzbDrone.Mono.Test", "NzbDrone.Mono.Test\NzbDrone.Mono.Test.csproj", "{40D72824-7D02-4A77-9106-8FE0EEA2B997}"
EndProject
Project("{FAE04EC0-301F-11D3-BF4B-00C04F79EFBC}") = "MonoTorrent", "MonoTorrent\MonoTorrent.csproj", "{411A9E0E-FDC6-4E25-828A-0C2CD1CD96F8}"
EndProject
Project("{FAE04EC0-301F-11D3-BF4B-00C04F79EFBC}") = "LogentriesCore", "LogentriesCore\LogentriesCore.csproj", "{90D6E9FC-7B88-4E1B-B018-8FA742274558}"
EndProject
Project("{FAE04EC0-301F-11D3-BF4B-00C04F79EFBC}") = "LogentriesNLog", "LogentriesNLog\LogentriesNLog.csproj", "{9DC31DE3-79FF-47A8-96B4-6BA18F6BB1CB}"
	ProjectSection(ProjectDependencies) = postProject
		{90D6E9FC-7B88-4E1B-B018-8FA742274558} = {90D6E9FC-7B88-4E1B-B018-8FA742274558}
	EndProjectSection
EndProject
Project("{FAE04EC0-301F-11D3-BF4B-00C04F79EFBC}") = "CurlSharp", "ExternalModules\CurlSharp\CurlSharp\CurlSharp.csproj", "{74420A79-CC16-442C-8B1E-7C1B913844F0}"
EndProject
Project("{FAE04EC0-301F-11D3-BF4B-00C04F79EFBC}") = "Sonarr.Api.V3", "Sonarr.Api.V3\Sonarr.Api.V3.csproj", "{7140FF1F-79BE-492F-9188-B21A050BF708}"
EndProject
Project("{FAE04EC0-301F-11D3-BF4B-00C04F79EFBC}") = "Sonarr.Http", "Sonarr.Http\Sonarr.Http.csproj", "{5370BFF7-1BD7-46BC-AF06-7D9EA5CDA1D6}"
EndProject
Global
	GlobalSection(SolutionConfigurationPlatforms) = preSolution
		Debug|x86 = Debug|x86
		Mono|x86 = Mono|x86
		Release|x86 = Release|x86
	EndGlobalSection
	GlobalSection(ProjectConfigurationPlatforms) = postSolution
		{3DCA7B58-B8B3-49AC-9D9E-56F4A0460976}.Debug|x86.ActiveCfg = Debug|x86
		{3DCA7B58-B8B3-49AC-9D9E-56F4A0460976}.Debug|x86.Build.0 = Debug|x86
		{3DCA7B58-B8B3-49AC-9D9E-56F4A0460976}.Mono|x86.ActiveCfg = Debug|x86
		{3DCA7B58-B8B3-49AC-9D9E-56F4A0460976}.Mono|x86.Build.0 = Debug|x86
		{3DCA7B58-B8B3-49AC-9D9E-56F4A0460976}.Release|x86.ActiveCfg = Release|x86
		{3DCA7B58-B8B3-49AC-9D9E-56F4A0460976}.Release|x86.Build.0 = Release|x86
		{FAFB5948-A222-4CF6-AD14-026BE7564802}.Debug|x86.ActiveCfg = Debug|x86
		{FAFB5948-A222-4CF6-AD14-026BE7564802}.Debug|x86.Build.0 = Debug|x86
		{FAFB5948-A222-4CF6-AD14-026BE7564802}.Mono|x86.ActiveCfg = Release|x86
		{FAFB5948-A222-4CF6-AD14-026BE7564802}.Mono|x86.Build.0 = Release|x86
		{FAFB5948-A222-4CF6-AD14-026BE7564802}.Release|x86.ActiveCfg = Release|x86
		{FAFB5948-A222-4CF6-AD14-026BE7564802}.Release|x86.Build.0 = Release|x86
		{CADDFCE0-7509-4430-8364-2074E1EEFCA2}.Debug|x86.ActiveCfg = Debug|x86
		{CADDFCE0-7509-4430-8364-2074E1EEFCA2}.Debug|x86.Build.0 = Debug|x86
		{CADDFCE0-7509-4430-8364-2074E1EEFCA2}.Mono|x86.ActiveCfg = Debug|x86
		{CADDFCE0-7509-4430-8364-2074E1EEFCA2}.Mono|x86.Build.0 = Debug|x86
		{CADDFCE0-7509-4430-8364-2074E1EEFCA2}.Release|x86.ActiveCfg = Release|x86
		{CADDFCE0-7509-4430-8364-2074E1EEFCA2}.Release|x86.Build.0 = Release|x86
		{193ADD3B-792B-4173-8E4C-5A3F8F0237F0}.Debug|x86.ActiveCfg = Debug|x86
		{193ADD3B-792B-4173-8E4C-5A3F8F0237F0}.Debug|x86.Build.0 = Debug|x86
		{193ADD3B-792B-4173-8E4C-5A3F8F0237F0}.Mono|x86.ActiveCfg = Debug|x86
		{193ADD3B-792B-4173-8E4C-5A3F8F0237F0}.Mono|x86.Build.0 = Debug|x86
		{193ADD3B-792B-4173-8E4C-5A3F8F0237F0}.Release|x86.ActiveCfg = Release|x86
		{193ADD3B-792B-4173-8E4C-5A3F8F0237F0}.Release|x86.Build.0 = Release|x86
		{C0EA1A40-91AD-4EEB-BD16-2DDDEBD20AE5}.Debug|x86.ActiveCfg = Debug|x86
		{C0EA1A40-91AD-4EEB-BD16-2DDDEBD20AE5}.Debug|x86.Build.0 = Debug|x86
		{C0EA1A40-91AD-4EEB-BD16-2DDDEBD20AE5}.Mono|x86.ActiveCfg = Debug|x86
		{C0EA1A40-91AD-4EEB-BD16-2DDDEBD20AE5}.Mono|x86.Build.0 = Debug|x86
		{C0EA1A40-91AD-4EEB-BD16-2DDDEBD20AE5}.Release|x86.ActiveCfg = Release|x86
		{C0EA1A40-91AD-4EEB-BD16-2DDDEBD20AE5}.Release|x86.Build.0 = Release|x86
		{35388E8E-0CDB-4A84-AD16-E4B6EFDA5D97}.Debug|x86.ActiveCfg = Debug|x86
		{35388E8E-0CDB-4A84-AD16-E4B6EFDA5D97}.Debug|x86.Build.0 = Debug|x86
		{35388E8E-0CDB-4A84-AD16-E4B6EFDA5D97}.Mono|x86.ActiveCfg = Debug|x86
		{35388E8E-0CDB-4A84-AD16-E4B6EFDA5D97}.Mono|x86.Build.0 = Debug|x86
		{35388E8E-0CDB-4A84-AD16-E4B6EFDA5D97}.Release|x86.ActiveCfg = Release|x86
		{35388E8E-0CDB-4A84-AD16-E4B6EFDA5D97}.Release|x86.Build.0 = Release|x86
		{BEC74619-DDBB-4FBA-B517-D3E20AFC9997}.Debug|x86.ActiveCfg = Debug|x86
		{BEC74619-DDBB-4FBA-B517-D3E20AFC9997}.Debug|x86.Build.0 = Debug|x86
		{BEC74619-DDBB-4FBA-B517-D3E20AFC9997}.Mono|x86.ActiveCfg = Debug|x86
		{BEC74619-DDBB-4FBA-B517-D3E20AFC9997}.Mono|x86.Build.0 = Debug|x86
		{BEC74619-DDBB-4FBA-B517-D3E20AFC9997}.Release|x86.ActiveCfg = Release|x86
		{BEC74619-DDBB-4FBA-B517-D3E20AFC9997}.Release|x86.Build.0 = Release|x86
		{D18A5DEB-5102-4775-A1AF-B75DAAA8907B}.Debug|x86.ActiveCfg = Debug|x86
		{D18A5DEB-5102-4775-A1AF-B75DAAA8907B}.Debug|x86.Build.0 = Debug|x86
		{D18A5DEB-5102-4775-A1AF-B75DAAA8907B}.Mono|x86.ActiveCfg = Release|x86
		{D18A5DEB-5102-4775-A1AF-B75DAAA8907B}.Mono|x86.Build.0 = Release|x86
		{D18A5DEB-5102-4775-A1AF-B75DAAA8907B}.Release|x86.ActiveCfg = Release|x86
		{D18A5DEB-5102-4775-A1AF-B75DAAA8907B}.Release|x86.Build.0 = Release|x86
		{CBF6B8B0-A015-413A-8C86-01238BB45770}.Debug|x86.ActiveCfg = Debug|x86
		{CBF6B8B0-A015-413A-8C86-01238BB45770}.Debug|x86.Build.0 = Debug|x86
		{CBF6B8B0-A015-413A-8C86-01238BB45770}.Mono|x86.ActiveCfg = Debug|x86
		{CBF6B8B0-A015-413A-8C86-01238BB45770}.Mono|x86.Build.0 = Debug|x86
		{CBF6B8B0-A015-413A-8C86-01238BB45770}.Release|x86.ActiveCfg = Release|x86
		{CBF6B8B0-A015-413A-8C86-01238BB45770}.Release|x86.Build.0 = Release|x86
		{8CEFECD0-A6C2-498F-98B1-3FBE5820F9AB}.Debug|x86.ActiveCfg = Debug|x86
		{8CEFECD0-A6C2-498F-98B1-3FBE5820F9AB}.Debug|x86.Build.0 = Debug|x86
		{8CEFECD0-A6C2-498F-98B1-3FBE5820F9AB}.Mono|x86.ActiveCfg = Debug|x86
		{8CEFECD0-A6C2-498F-98B1-3FBE5820F9AB}.Mono|x86.Build.0 = Debug|x86
		{8CEFECD0-A6C2-498F-98B1-3FBE5820F9AB}.Release|x86.ActiveCfg = Release|x86
		{8CEFECD0-A6C2-498F-98B1-3FBE5820F9AB}.Release|x86.Build.0 = Release|x86
		{CC26800D-F67E-464B-88DE-8EB1A0C227A3}.Debug|x86.ActiveCfg = Debug|x86
		{CC26800D-F67E-464B-88DE-8EB1A0C227A3}.Debug|x86.Build.0 = Debug|x86
		{CC26800D-F67E-464B-88DE-8EB1A0C227A3}.Mono|x86.ActiveCfg = Debug|x86
		{CC26800D-F67E-464B-88DE-8EB1A0C227A3}.Mono|x86.Build.0 = Debug|x86
		{CC26800D-F67E-464B-88DE-8EB1A0C227A3}.Release|x86.ActiveCfg = Release|x86
		{CC26800D-F67E-464B-88DE-8EB1A0C227A3}.Release|x86.Build.0 = Release|x86
		{6BCE712F-846D-4846-9D1B-A66B858DA755}.Debug|x86.ActiveCfg = Debug|x86
		{6BCE712F-846D-4846-9D1B-A66B858DA755}.Debug|x86.Build.0 = Debug|x86
		{6BCE712F-846D-4846-9D1B-A66B858DA755}.Mono|x86.ActiveCfg = Debug|x86
		{6BCE712F-846D-4846-9D1B-A66B858DA755}.Release|x86.ActiveCfg = Release|x86
		{6BCE712F-846D-4846-9D1B-A66B858DA755}.Release|x86.Build.0 = Release|x86
		{700D0B95-95CD-43F3-B6C9-FAA0FC1358D4}.Debug|x86.ActiveCfg = Debug|x86
		{700D0B95-95CD-43F3-B6C9-FAA0FC1358D4}.Debug|x86.Build.0 = Debug|x86
		{700D0B95-95CD-43F3-B6C9-FAA0FC1358D4}.Mono|x86.ActiveCfg = Debug|x86
		{700D0B95-95CD-43F3-B6C9-FAA0FC1358D4}.Release|x86.ActiveCfg = Release|x86
		{700D0B95-95CD-43F3-B6C9-FAA0FC1358D4}.Release|x86.Build.0 = Release|x86
		{FF5EE3B6-913B-47CE-9CEB-11C51B4E1205}.Debug|x86.ActiveCfg = Debug|x86
		{FF5EE3B6-913B-47CE-9CEB-11C51B4E1205}.Debug|x86.Build.0 = Debug|x86
		{FF5EE3B6-913B-47CE-9CEB-11C51B4E1205}.Mono|x86.ActiveCfg = Release|x86
		{FF5EE3B6-913B-47CE-9CEB-11C51B4E1205}.Mono|x86.Build.0 = Release|x86
		{FF5EE3B6-913B-47CE-9CEB-11C51B4E1205}.Release|x86.ActiveCfg = Release|x86
		{FF5EE3B6-913B-47CE-9CEB-11C51B4E1205}.Release|x86.Build.0 = Release|x86
		{4CCC53CD-8D5E-4CC4-97D2-5C9312AC2BD7}.Debug|x86.ActiveCfg = Debug|x86
		{4CCC53CD-8D5E-4CC4-97D2-5C9312AC2BD7}.Debug|x86.Build.0 = Debug|x86
		{4CCC53CD-8D5E-4CC4-97D2-5C9312AC2BD7}.Mono|x86.ActiveCfg = Debug|x86
		{4CCC53CD-8D5E-4CC4-97D2-5C9312AC2BD7}.Mono|x86.Build.0 = Debug|x86
		{4CCC53CD-8D5E-4CC4-97D2-5C9312AC2BD7}.Release|x86.ActiveCfg = Release|x86
		{4CCC53CD-8D5E-4CC4-97D2-5C9312AC2BD7}.Release|x86.Build.0 = Release|x86
		{F2BE0FDF-6E47-4827-A420-DD4EF82407F8}.Debug|x86.ActiveCfg = Debug|x86
		{F2BE0FDF-6E47-4827-A420-DD4EF82407F8}.Debug|x86.Build.0 = Debug|x86
		{F2BE0FDF-6E47-4827-A420-DD4EF82407F8}.Mono|x86.ActiveCfg = Release|x86
		{F2BE0FDF-6E47-4827-A420-DD4EF82407F8}.Mono|x86.Build.0 = Release|x86
		{F2BE0FDF-6E47-4827-A420-DD4EF82407F8}.Release|x86.ActiveCfg = Release|x86
		{F2BE0FDF-6E47-4827-A420-DD4EF82407F8}.Release|x86.Build.0 = Release|x86
		{FD286DF8-2D3A-4394-8AD5-443FADE55FB2}.Debug|x86.ActiveCfg = Debug|x86
		{FD286DF8-2D3A-4394-8AD5-443FADE55FB2}.Debug|x86.Build.0 = Debug|x86
		{FD286DF8-2D3A-4394-8AD5-443FADE55FB2}.Mono|x86.ActiveCfg = Release|x86
		{FD286DF8-2D3A-4394-8AD5-443FADE55FB2}.Mono|x86.Build.0 = Release|x86
		{FD286DF8-2D3A-4394-8AD5-443FADE55FB2}.Release|x86.ActiveCfg = Release|x86
		{FD286DF8-2D3A-4394-8AD5-443FADE55FB2}.Release|x86.Build.0 = Release|x86
		{95C11A9E-56ED-456A-8447-2C89C1139266}.Debug|x86.ActiveCfg = Debug|x86
		{95C11A9E-56ED-456A-8447-2C89C1139266}.Debug|x86.Build.0 = Debug|x86
		{95C11A9E-56ED-456A-8447-2C89C1139266}.Mono|x86.ActiveCfg = Debug|x86
		{95C11A9E-56ED-456A-8447-2C89C1139266}.Mono|x86.Build.0 = Debug|x86
		{95C11A9E-56ED-456A-8447-2C89C1139266}.Release|x86.ActiveCfg = Release|x86
		{95C11A9E-56ED-456A-8447-2C89C1139266}.Release|x86.Build.0 = Release|x86
		{D12F7F2F-8A3C-415F-88FA-6DD061A84869}.Debug|x86.ActiveCfg = Debug|x86
		{D12F7F2F-8A3C-415F-88FA-6DD061A84869}.Debug|x86.Build.0 = Debug|x86
		{D12F7F2F-8A3C-415F-88FA-6DD061A84869}.Mono|x86.ActiveCfg = Release|x86
		{D12F7F2F-8A3C-415F-88FA-6DD061A84869}.Release|x86.ActiveCfg = Release|x86
		{D12F7F2F-8A3C-415F-88FA-6DD061A84869}.Release|x86.Build.0 = Release|x86
		{7C2CC69F-5CA0-4E5C-85CB-983F9F6C3B36}.Debug|x86.ActiveCfg = Debug|x86
		{7C2CC69F-5CA0-4E5C-85CB-983F9F6C3B36}.Debug|x86.Build.0 = Debug|x86
		{7C2CC69F-5CA0-4E5C-85CB-983F9F6C3B36}.Mono|x86.ActiveCfg = Debug|x86
		{7C2CC69F-5CA0-4E5C-85CB-983F9F6C3B36}.Mono|x86.Build.0 = Debug|x86
		{7C2CC69F-5CA0-4E5C-85CB-983F9F6C3B36}.Release|x86.ActiveCfg = Release|x86
		{7C2CC69F-5CA0-4E5C-85CB-983F9F6C3B36}.Release|x86.Build.0 = Release|x86
		{F6FC6BE7-0847-4817-A1ED-223DC647C3D7}.Debug|x86.ActiveCfg = Debug|x86
		{F6FC6BE7-0847-4817-A1ED-223DC647C3D7}.Debug|x86.Build.0 = Debug|x86
		{F6FC6BE7-0847-4817-A1ED-223DC647C3D7}.Mono|x86.ActiveCfg = Release|x86
		{F6FC6BE7-0847-4817-A1ED-223DC647C3D7}.Mono|x86.Build.0 = Release|x86
		{F6FC6BE7-0847-4817-A1ED-223DC647C3D7}.Release|x86.ActiveCfg = Release|x86
		{F6FC6BE7-0847-4817-A1ED-223DC647C3D7}.Release|x86.Build.0 = Release|x86
		{15AD7579-A314-4626-B556-663F51D97CD1}.Debug|x86.ActiveCfg = Debug|x86
		{15AD7579-A314-4626-B556-663F51D97CD1}.Debug|x86.Build.0 = Debug|x86
		{15AD7579-A314-4626-B556-663F51D97CD1}.Mono|x86.ActiveCfg = Release|x86
		{15AD7579-A314-4626-B556-663F51D97CD1}.Release|x86.ActiveCfg = Release|x86
		{15AD7579-A314-4626-B556-663F51D97CD1}.Release|x86.Build.0 = Release|x86
		{911284D3-F130-459E-836C-2430B6FBF21D}.Debug|x86.ActiveCfg = Debug|x86
		{911284D3-F130-459E-836C-2430B6FBF21D}.Debug|x86.Build.0 = Debug|x86
		{911284D3-F130-459E-836C-2430B6FBF21D}.Mono|x86.ActiveCfg = Release|x86
		{911284D3-F130-459E-836C-2430B6FBF21D}.Release|x86.ActiveCfg = Release|x86
		{911284D3-F130-459E-836C-2430B6FBF21D}.Release|x86.Build.0 = Release|x86
		{80B51429-7A0E-46D6-BEE3-C80DCB1C4EAA}.Debug|x86.ActiveCfg = Debug|x86
		{80B51429-7A0E-46D6-BEE3-C80DCB1C4EAA}.Debug|x86.Build.0 = Debug|x86
		{80B51429-7A0E-46D6-BEE3-C80DCB1C4EAA}.Mono|x86.ActiveCfg = Release|x86
		{80B51429-7A0E-46D6-BEE3-C80DCB1C4EAA}.Release|x86.ActiveCfg = Release|x86
		{80B51429-7A0E-46D6-BEE3-C80DCB1C4EAA}.Release|x86.Build.0 = Release|x86
		{40D72824-7D02-4A77-9106-8FE0EEA2B997}.Debug|x86.ActiveCfg = Debug|x86
		{40D72824-7D02-4A77-9106-8FE0EEA2B997}.Debug|x86.Build.0 = Debug|x86
		{40D72824-7D02-4A77-9106-8FE0EEA2B997}.Mono|x86.ActiveCfg = Release|x86
		{40D72824-7D02-4A77-9106-8FE0EEA2B997}.Release|x86.ActiveCfg = Release|x86
		{40D72824-7D02-4A77-9106-8FE0EEA2B997}.Release|x86.Build.0 = Release|x86
		{411A9E0E-FDC6-4E25-828A-0C2CD1CD96F8}.Debug|x86.ActiveCfg = Debug|x86
		{411A9E0E-FDC6-4E25-828A-0C2CD1CD96F8}.Debug|x86.Build.0 = Debug|x86
		{411A9E0E-FDC6-4E25-828A-0C2CD1CD96F8}.Mono|x86.ActiveCfg = Release|x86
		{411A9E0E-FDC6-4E25-828A-0C2CD1CD96F8}.Mono|x86.Build.0 = Release|x86
		{411A9E0E-FDC6-4E25-828A-0C2CD1CD96F8}.Release|x86.ActiveCfg = Release|x86
		{411A9E0E-FDC6-4E25-828A-0C2CD1CD96F8}.Release|x86.Build.0 = Release|x86
		{90D6E9FC-7B88-4E1B-B018-8FA742274558}.Debug|x86.ActiveCfg = Debug|x86
		{90D6E9FC-7B88-4E1B-B018-8FA742274558}.Debug|x86.Build.0 = Debug|x86
		{90D6E9FC-7B88-4E1B-B018-8FA742274558}.Mono|x86.ActiveCfg = Release|x86
		{90D6E9FC-7B88-4E1B-B018-8FA742274558}.Mono|x86.Build.0 = Release|x86
		{90D6E9FC-7B88-4E1B-B018-8FA742274558}.Release|x86.ActiveCfg = Release|x86
		{90D6E9FC-7B88-4E1B-B018-8FA742274558}.Release|x86.Build.0 = Release|x86
		{9DC31DE3-79FF-47A8-96B4-6BA18F6BB1CB}.Debug|x86.ActiveCfg = Debug|x86
		{9DC31DE3-79FF-47A8-96B4-6BA18F6BB1CB}.Debug|x86.Build.0 = Debug|x86
		{9DC31DE3-79FF-47A8-96B4-6BA18F6BB1CB}.Mono|x86.ActiveCfg = Release|x86
		{9DC31DE3-79FF-47A8-96B4-6BA18F6BB1CB}.Mono|x86.Build.0 = Release|x86
		{9DC31DE3-79FF-47A8-96B4-6BA18F6BB1CB}.Release|x86.ActiveCfg = Release|x86
		{9DC31DE3-79FF-47A8-96B4-6BA18F6BB1CB}.Release|x86.Build.0 = Release|x86
		{74420A79-CC16-442C-8B1E-7C1B913844F0}.Debug|x86.ActiveCfg = Debug|Any CPU
		{74420A79-CC16-442C-8B1E-7C1B913844F0}.Debug|x86.Build.0 = Debug|Any CPU
		{74420A79-CC16-442C-8B1E-7C1B913844F0}.Mono|x86.ActiveCfg = Release|Any CPU
		{74420A79-CC16-442C-8B1E-7C1B913844F0}.Mono|x86.Build.0 = Release|Any CPU
		{74420A79-CC16-442C-8B1E-7C1B913844F0}.Release|x86.ActiveCfg = Release|Any CPU
		{74420A79-CC16-442C-8B1E-7C1B913844F0}.Release|x86.Build.0 = Release|Any CPU
		{7140FF1F-79BE-492F-9188-B21A050BF708}.Debug|x86.ActiveCfg = Debug|x86
		{7140FF1F-79BE-492F-9188-B21A050BF708}.Debug|x86.Build.0 = Debug|x86
		{7140FF1F-79BE-492F-9188-B21A050BF708}.Mono|x86.ActiveCfg = Release|x86
		{7140FF1F-79BE-492F-9188-B21A050BF708}.Mono|x86.Build.0 = Release|x86
		{7140FF1F-79BE-492F-9188-B21A050BF708}.Release|x86.ActiveCfg = Release|x86
		{7140FF1F-79BE-492F-9188-B21A050BF708}.Release|x86.Build.0 = Release|x86
		{5370BFF7-1BD7-46BC-AF06-7D9EA5CDA1D6}.Debug|x86.ActiveCfg = Debug|x86
		{5370BFF7-1BD7-46BC-AF06-7D9EA5CDA1D6}.Debug|x86.Build.0 = Debug|x86
		{5370BFF7-1BD7-46BC-AF06-7D9EA5CDA1D6}.Mono|x86.ActiveCfg = Release|x86
		{5370BFF7-1BD7-46BC-AF06-7D9EA5CDA1D6}.Mono|x86.Build.0 = Release|x86
		{5370BFF7-1BD7-46BC-AF06-7D9EA5CDA1D6}.Release|x86.ActiveCfg = Release|x86
		{5370BFF7-1BD7-46BC-AF06-7D9EA5CDA1D6}.Release|x86.Build.0 = Release|x86
	EndGlobalSection
	GlobalSection(SolutionProperties) = preSolution
		HideSolutionNode = FALSE
	EndGlobalSection
	GlobalSection(NestedProjects) = preSolution
		{3DCA7B58-B8B3-49AC-9D9E-56F4A0460976} = {486ADF86-DD89-4E19-B805-9D94F19800D9}
		{47697CDB-27B6-4B05-B4F8-0CBE6F6EDF97} = {57A04B72-8088-4F75-A582-1158CF8291F7}
		{FAFB5948-A222-4CF6-AD14-026BE7564802} = {47697CDB-27B6-4B05-B4F8-0CBE6F6EDF97}
		{CADDFCE0-7509-4430-8364-2074E1EEFCA2} = {47697CDB-27B6-4B05-B4F8-0CBE6F6EDF97}
		{193ADD3B-792B-4173-8E4C-5A3F8F0237F0} = {57A04B72-8088-4F75-A582-1158CF8291F7}
		{C0EA1A40-91AD-4EEB-BD16-2DDDEBD20AE5} = {57A04B72-8088-4F75-A582-1158CF8291F7}
		{35388E8E-0CDB-4A84-AD16-E4B6EFDA5D97} = {57A04B72-8088-4F75-A582-1158CF8291F7}
		{BEC74619-DDBB-4FBA-B517-D3E20AFC9997} = {57A04B72-8088-4F75-A582-1158CF8291F7}
		{D18A5DEB-5102-4775-A1AF-B75DAAA8907B} = {57A04B72-8088-4F75-A582-1158CF8291F7}
		{CBF6B8B0-A015-413A-8C86-01238BB45770} = {57A04B72-8088-4F75-A582-1158CF8291F7}
		{8CEFECD0-A6C2-498F-98B1-3FBE5820F9AB} = {57A04B72-8088-4F75-A582-1158CF8291F7}
		{CC26800D-F67E-464B-88DE-8EB1A0C227A3} = {57A04B72-8088-4F75-A582-1158CF8291F7}
		{6BCE712F-846D-4846-9D1B-A66B858DA755} = {F9E67978-5CD6-4A5F-827B-4249711C0B02}
		{700D0B95-95CD-43F3-B6C9-FAA0FC1358D4} = {F9E67978-5CD6-4A5F-827B-4249711C0B02}
		{95C11A9E-56ED-456A-8447-2C89C1139266} = {486ADF86-DD89-4E19-B805-9D94F19800D9}
		{D12F7F2F-8A3C-415F-88FA-6DD061A84869} = {486ADF86-DD89-4E19-B805-9D94F19800D9}
		{F6FC6BE7-0847-4817-A1ED-223DC647C3D7} = {F6E3A728-AE77-4D02-BAC8-82FBC1402DDA}
		{15AD7579-A314-4626-B556-663F51D97CD1} = {0F0D4998-8F5D-4467-A909-BB192C4B3B4B}
		{911284D3-F130-459E-836C-2430B6FBF21D} = {0F0D4998-8F5D-4467-A909-BB192C4B3B4B}
		{4EACDBBC-BCD7-4765-A57B-3E08331E4749} = {57A04B72-8088-4F75-A582-1158CF8291F7}
		{80B51429-7A0E-46D6-BEE3-C80DCB1C4EAA} = {4EACDBBC-BCD7-4765-A57B-3E08331E4749}
		{40D72824-7D02-4A77-9106-8FE0EEA2B997} = {4EACDBBC-BCD7-4765-A57B-3E08331E4749}
		{411A9E0E-FDC6-4E25-828A-0C2CD1CD96F8} = {F6E3A728-AE77-4D02-BAC8-82FBC1402DDA}
		{90D6E9FC-7B88-4E1B-B018-8FA742274558} = {F6E3A728-AE77-4D02-BAC8-82FBC1402DDA}
		{9DC31DE3-79FF-47A8-96B4-6BA18F6BB1CB} = {F6E3A728-AE77-4D02-BAC8-82FBC1402DDA}
		{74420A79-CC16-442C-8B1E-7C1B913844F0} = {F6E3A728-AE77-4D02-BAC8-82FBC1402DDA}
	EndGlobalSection
	GlobalSection(ExtensibilityGlobals) = postSolution
		EnterpriseLibraryConfigurationToolBinariesPath = packages\Unity.2.1.505.0\lib\NET35;packages\Unity.2.1.505.2\lib\NET35
		SolutionGuid = {2955716E-0882-41EC-935D-C95694C5C30F}
	EndGlobalSection
	GlobalSection(MonoDevelopProperties) = preSolution
		StartupItem = NzbDrone.Console\NzbDrone.Console.csproj
	EndGlobalSection
	GlobalSection(JSLint) = preSolution
		SolutionConfigurationLocation = JSLintOptions.xml
	EndGlobalSection
EndGlobal
