name: 'Lock threads'

on:
  workflow_dispatch:
  schedule:
    - cron: '0 0 * * *'

jobs:
  lock:
    runs-on: ubuntu-latest
    steps:
      - uses: dessant/lock-threads@v5
        with:
          github-token: ${{ github.token }}
          issue-inactive-days: '90'
          exclude-issue-created-before: ''
          exclude-any-issue-labels: 'one-day-maybe'
          add-issue-labels: ''
          issue-comment: ''
          issue-lock-reason: 'resolved'
          process-only: ''
